// !$*UTF8*$!
{
	archiveVersion = 1;
	classes = {
	};
	objectVersion = 55;
	objects = {

/* Begin PBXBuildFile section */
		25B1A3D186B20328D3C0D0A4 /* Pods_Shopify_app_Shopify_appUITests.framework in Frameworks */ = {isa = PBXBuildFile; fileRef = BAEB5CFE6D3D4B1F1CAF2F24 /* Pods_Shopify_app_Shopify_appUITests.framework */; };
		9B0EC06C2873A5EF0076A1EA /* loadingspinner.json in Resources */ = {isa = PBXBuildFile; fileRef = 9B0EC06B2873A5EF0076A1EA /* loadingspinner.json */; };
		9B0EC06E2873A5F80076A1EA /* SplashViewController.swift in Sources */ = {isa = PBXBuildFile; fileRef = 9B0EC06D2873A5F80076A1EA /* SplashViewController.swift */; };
		9B0EC0702873A76E0076A1EA /* TabBarViewController.swift in Sources */ = {isa = PBXBuildFile; fileRef = 9B0EC06F2873A76E0076A1EA /* TabBarViewController.swift */; };
		9B154770287E377800C0E2B0 /* ProductDetailsCollectionViewImageCell.swift in Sources */ = {isa = PBXBuildFile; fileRef = 9B15476E287E377800C0E2B0 /* ProductDetailsCollectionViewImageCell.swift */; };
		9B154771287E377800C0E2B0 /* ProductDetailsCollectionViewImageCell.xib in Resources */ = {isa = PBXBuildFile; fileRef = 9B15476F287E377800C0E2B0 /* ProductDetailsCollectionViewImageCell.xib */; };
		9B1FB35828746F4100D4A476 /* ApplicationUserManger.swift in Sources */ = {isa = PBXBuildFile; fileRef = 9B1FB35728746F4100D4A476 /* ApplicationUserManger.swift */; };
		9B1FB35A28746F5F00D4A476 /* AuthenticationViewModel.swift in Sources */ = {isa = PBXBuildFile; fileRef = 9B1FB35928746F5F00D4A476 /* AuthenticationViewModel.swift */; };
		9B1FB35C28746F7400D4A476 /* UIViewController+Ext.swift in Sources */ = {isa = PBXBuildFile; fileRef = 9B1FB35B28746F7400D4A476 /* UIViewController+Ext.swift */; };
		9B94337028739E0900779F66 /* Authentication.storyboard in Resources */ = {isa = PBXBuildFile; fileRef = 9B94336F28739E0900779F66 /* Authentication.storyboard */; };
		9B94337328739E3300779F66 /* RegisterationViewController.swift in Sources */ = {isa = PBXBuildFile; fileRef = 9B94337228739E3300779F66 /* RegisterationViewController.swift */; };
		9B94337528739E5400779F66 /* LoginViewController.swift in Sources */ = {isa = PBXBuildFile; fileRef = 9B94337428739E5400779F66 /* LoginViewController.swift */; };
		9BA632962875AF0600775E34 /* FavoritesViewController.swift in Sources */ = {isa = PBXBuildFile; fileRef = 9BA632952875AF0600775E34 /* FavoritesViewController.swift */; };
		9BA632982875AF1A00775E34 /* Favorites.storyboard in Resources */ = {isa = PBXBuildFile; fileRef = 9BA632972875AF1A00775E34 /* Favorites.storyboard */; };
		9BA6329B2875BBD700775E34 /* FavoritesViewModel.swift in Sources */ = {isa = PBXBuildFile; fileRef = 9BA6329A2875BBD700775E34 /* FavoritesViewModel.swift */; };
		9BA6329F2875BCA400775E34 /* FavoritesCell.swift in Sources */ = {isa = PBXBuildFile; fileRef = 9BA6329D2875BCA400775E34 /* FavoritesCell.swift */; };
		9BA632A02875BCA400775E34 /* FavoritesCell.xib in Resources */ = {isa = PBXBuildFile; fileRef = 9BA6329E2875BCA400775E34 /* FavoritesCell.xib */; };
		9BA632A32875BEBB00775E34 /* TableView+Extensions.swift in Sources */ = {isa = PBXBuildFile; fileRef = 9BA632A22875BEBB00775E34 /* TableView+Extensions.swift */; };
		9BA632A62875C11100775E34 /* ProductDetailsViewController.swift in Sources */ = {isa = PBXBuildFile; fileRef = 9BA632A52875C11100775E34 /* ProductDetailsViewController.swift */; };
		9BA632A82875C12900775E34 /* ProductDetails.storyboard in Resources */ = {isa = PBXBuildFile; fileRef = 9BA632A72875C12900775E34 /* ProductDetails.storyboard */; };
		9BB7BB152875CF56001A39B7 /* CoreDataManager.swift in Sources */ = {isa = PBXBuildFile; fileRef = 9BB7BB142875CF56001A39B7 /* CoreDataManager.swift */; };
		9BB7BB182875F3F1001A39B7 /* ProductDetailsViewModel.swift in Sources */ = {isa = PBXBuildFile; fileRef = 9BB7BB172875F3F1001A39B7 /* ProductDetailsViewModel.swift */; };
		BD1A610750BDD7AF14F42669 /* Pods_Shopify_appTests.framework in Frameworks */ = {isa = PBXBuildFile; fileRef = 94841D27F9F027761C855DC1 /* Pods_Shopify_appTests.framework */; };
		E83C578A2873130F0068CDAE /* Encodable+Extensions.swift in Sources */ = {isa = PBXBuildFile; fileRef = E83C57892873130F0068CDAE /* Encodable+Extensions.swift */; };
		E86D31E1286F2568007302E1 /* CartsViewController.swift in Sources */ = {isa = PBXBuildFile; fileRef = E86D31E0286F2568007302E1 /* CartsViewController.swift */; };
		E86D31E4286F25FA007302E1 /* CartsCell.swift in Sources */ = {isa = PBXBuildFile; fileRef = E86D31E2286F25FA007302E1 /* CartsCell.swift */; };
		E86D31E5286F25FA007302E1 /* CartsCell.xib in Resources */ = {isa = PBXBuildFile; fileRef = E86D31E3286F25FA007302E1 /* CartsCell.xib */; };
		E86D31E8286F7993007302E1 /* adsCell.swift in Sources */ = {isa = PBXBuildFile; fileRef = E86D31E6286F7993007302E1 /* adsCell.swift */; };
		E86D31E9286F7993007302E1 /* adsCell.xib in Resources */ = {isa = PBXBuildFile; fileRef = E86D31E7286F7993007302E1 /* adsCell.xib */; };
		E88823EA287DB2DD00C78F4D /* Discount.swift in Sources */ = {isa = PBXBuildFile; fileRef = E88823E9287DB2DD00C78F4D /* Discount.swift */; };
		E88888D828787C10006178DD /* PaymentViewController.swift in Sources */ = {isa = PBXBuildFile; fileRef = E88888D728787C10006178DD /* PaymentViewController.swift */; };
		E896D73D287268ED00E5A5AB /* Customer.swift in Sources */ = {isa = PBXBuildFile; fileRef = E896D73C287268ED00E5A5AB /* Customer.swift */; };
		E898DC422871C9FF00FCEEF2 /* SettingViewController.swift in Sources */ = {isa = PBXBuildFile; fileRef = E898DC412871C9FF00FCEEF2 /* SettingViewController.swift */; };
		E898DC442871D0F600FCEEF2 /* SettingCell.swift in Sources */ = {isa = PBXBuildFile; fileRef = E898DC432871D0F600FCEEF2 /* SettingCell.swift */; };
		E89982FB2873656900071339 /* AddressViewModel.swift in Sources */ = {isa = PBXBuildFile; fileRef = E89982FA2873656900071339 /* AddressViewModel.swift */; };
		E89982FE2873B06300071339 /* Address.swift in Sources */ = {isa = PBXBuildFile; fileRef = E89982FD2873B06200071339 /* Address.swift */; };
		E89A3A2328720BB400D609B5 /* AboutViewController.swift in Sources */ = {isa = PBXBuildFile; fileRef = E89A3A2228720BB400D609B5 /* AboutViewController.swift */; };
		E89A3A2528720D3400D609B5 /* Adress.storyboard in Resources */ = {isa = PBXBuildFile; fileRef = E89A3A2428720D3400D609B5 /* Adress.storyboard */; };
		E89A3A28287212FC00D609B5 /* AddressViewController.swift in Sources */ = {isa = PBXBuildFile; fileRef = E89A3A27287212FC00D609B5 /* AddressViewController.swift */; };
		E89A3A2A2872133F00D609B5 /* AddAddressViewController.swift in Sources */ = {isa = PBXBuildFile; fileRef = E89A3A292872133F00D609B5 /* AddAddressViewController.swift */; };
		E89A3A2D2872163500D609B5 /* addAddressCell.swift in Sources */ = {isa = PBXBuildFile; fileRef = E89A3A2B2872163500D609B5 /* addAddressCell.swift */; };
		E89A3A2E2872163500D609B5 /* addAddressCell.xib in Resources */ = {isa = PBXBuildFile; fileRef = E89A3A2C2872163500D609B5 /* addAddressCell.xib */; };
		E8A997EF2880595200344D18 /* Cuurency.swift in Sources */ = {isa = PBXBuildFile; fileRef = E8A997EE2880595200344D18 /* Cuurency.swift */; };
		E8A997F12880667700344D18 /* ConvertPrice.swift in Sources */ = {isa = PBXBuildFile; fileRef = E8A997F02880667700344D18 /* ConvertPrice.swift */; };
		E8AA410C2880546600431574 /* Currency.swift in Sources */ = {isa = PBXBuildFile; fileRef = E8AA410B2880546600431574 /* Currency.swift */; };
		E8AF61822880F0A700BEDFB5 /* DoneViewController.swift in Sources */ = {isa = PBXBuildFile; fileRef = E8AF61812880F0A700BEDFB5 /* DoneViewController.swift */; };
		E8B0E7FF288388B700C44FD7 /* shop gif.gif in Resources */ = {isa = PBXBuildFile; fileRef = E8B0E7FE288388B700C44FD7 /* shop gif.gif */; };
		E8B0E801288388E600C44FD7 /* Gif.swift in Sources */ = {isa = PBXBuildFile; fileRef = E8B0E800288388E600C44FD7 /* Gif.swift */; };
		E8B0E8032883892100C44FD7 /* GifViewController.swift in Sources */ = {isa = PBXBuildFile; fileRef = E8B0E8022883892100C44FD7 /* GifViewController.swift */; };
		E8B21C17286B8CC00000AABB /* AppDelegate.swift in Sources */ = {isa = PBXBuildFile; fileRef = E8B21C16286B8CC00000AABB /* AppDelegate.swift */; };
		E8B21C19286B8CC00000AABB /* SceneDelegate.swift in Sources */ = {isa = PBXBuildFile; fileRef = E8B21C18286B8CC00000AABB /* SceneDelegate.swift */; };
		E8B21C1B286B8CC00000AABB /* ViewController.swift in Sources */ = {isa = PBXBuildFile; fileRef = E8B21C1A286B8CC00000AABB /* ViewController.swift */; };
		E8B21C1E286B8CC00000AABB /* Main.storyboard in Resources */ = {isa = PBXBuildFile; fileRef = E8B21C1C286B8CC00000AABB /* Main.storyboard */; };
		E8B21C21286B8CC00000AABB /* Shopify_app.xcdatamodeld in Sources */ = {isa = PBXBuildFile; fileRef = E8B21C1F286B8CC00000AABB /* Shopify_app.xcdatamodeld */; };
		E8B21C23286B8CC40000AABB /* Assets.xcassets in Resources */ = {isa = PBXBuildFile; fileRef = E8B21C22286B8CC40000AABB /* Assets.xcassets */; };
		E8B21C26286B8CC40000AABB /* LaunchScreen.storyboard in Resources */ = {isa = PBXBuildFile; fileRef = E8B21C24286B8CC40000AABB /* LaunchScreen.storyboard */; };
		E8B21C31286B8CC40000AABB /* Shopify_appTests.swift in Sources */ = {isa = PBXBuildFile; fileRef = E8B21C30286B8CC40000AABB /* Shopify_appTests.swift */; };
		E8B21C3B286B8CC40000AABB /* Shopify_appUITests.swift in Sources */ = {isa = PBXBuildFile; fileRef = E8B21C3A286B8CC40000AABB /* Shopify_appUITests.swift */; };
		E8B21C3D286B8CC40000AABB /* Shopify_appUITestsLaunchTests.swift in Sources */ = {isa = PBXBuildFile; fileRef = E8B21C3C286B8CC40000AABB /* Shopify_appUITestsLaunchTests.swift */; };
		E8B21C4F286B8DD90000AABB /* Url.swift in Sources */ = {isa = PBXBuildFile; fileRef = E8B21C4E286B8DD80000AABB /* Url.swift */; };
		E8B21C51286B8DF70000AABB /* ApiService.swift in Sources */ = {isa = PBXBuildFile; fileRef = E8B21C50286B8DF70000AABB /* ApiService.swift */; };
		E8B21C53286B8E240000AABB /* NetworkManager.swift in Sources */ = {isa = PBXBuildFile; fileRef = E8B21C52286B8E240000AABB /* NetworkManager.swift */; };
		E8B31CF1287DB64C00F920F4 /* DiscountViewModel.swift in Sources */ = {isa = PBXBuildFile; fileRef = E8B31CF0287DB64C00F920F4 /* DiscountViewModel.swift */; };
		E8E7FD0B28766BB500B2B1DE /* CartModel.swift in Sources */ = {isa = PBXBuildFile; fileRef = E8E7FD0A28766BB500B2B1DE /* CartModel.swift */; };
		E8E7FD0E28766BFB00B2B1DE /* OrderViewModel.swift in Sources */ = {isa = PBXBuildFile; fileRef = E8E7FD0D28766BFB00B2B1DE /* OrderViewModel.swift */; };
		F909DF73B2562104EE70063F /* Pods_Shopify_app.framework in Frameworks */ = {isa = PBXBuildFile; fileRef = 47A0DDA4F1D09B3BBE7BF937 /* Pods_Shopify_app.framework */; };
		FC05F57F28746D1D0026CEE4 /* MyOrder.storyboard in Resources */ = {isa = PBXBuildFile; fileRef = FC05F57E28746D1D0026CEE4 /* MyOrder.storyboard */; };
		FC05F58428746F0D0026CEE4 /* CheckOutViewController.swift in Sources */ = {isa = PBXBuildFile; fileRef = FC05F58328746F0D0026CEE4 /* CheckOutViewController.swift */; };
		FC05F58728746F820026CEE4 /* MyOrderItemCell.swift in Sources */ = {isa = PBXBuildFile; fileRef = FC05F58628746F820026CEE4 /* MyOrderItemCell.swift */; };
		FC09B0012881B9990053F0C5 /* NetworkTest.swift in Sources */ = {isa = PBXBuildFile; fileRef = FC09B0002881B9990053F0C5 /* NetworkTest.swift */; };
		FC09B0032881B9E20053F0C5 /* NetworkMocks.swift in Sources */ = {isa = PBXBuildFile; fileRef = FC09B0022881B9E20053F0C5 /* NetworkMocks.swift */; };
		FC09B0052881C93F0053F0C5 /* jsonDecoder.swift in Sources */ = {isa = PBXBuildFile; fileRef = FC09B0042881C93F0053F0C5 /* jsonDecoder.swift */; };
		FC09B0072881F8670053F0C5 /* NetworkMangerTest.swift in Sources */ = {isa = PBXBuildFile; fileRef = FC09B0062881F8670053F0C5 /* NetworkMangerTest.swift */; };
		FC3866D7286D1440000EDC64 /*  BrandsViewModel.swift in Sources */ = {isa = PBXBuildFile; fileRef = FC3866D6286D1440000EDC64 /*  BrandsViewModel.swift */; };
		FC3866D9286D1AE5000EDC64 /* BrandCell.swift in Sources */ = {isa = PBXBuildFile; fileRef = FC3866D8286D1AE5000EDC64 /* BrandCell.swift */; };
		FC4A66782871F599005D3BBB /* ProductsByCategoriesViewModel.swift in Sources */ = {isa = PBXBuildFile; fileRef = FC4A66772871F598005D3BBB /* ProductsByCategoriesViewModel.swift */; };
		FC4A667E2871F68E005D3BBB /* ProductsListViewController.swift in Sources */ = {isa = PBXBuildFile; fileRef = FC4A667C2871F68D005D3BBB /* ProductsListViewController.swift */; };
		FC4A667F2871F68E005D3BBB /* ProductListCell.swift in Sources */ = {isa = PBXBuildFile; fileRef = FC4A667D2871F68E005D3BBB /* ProductListCell.swift */; };
		FC4A668428724DAA005D3BBB /* ProductList.storyboard in Resources */ = {isa = PBXBuildFile; fileRef = FC4A668328724DAA005D3BBB /* ProductList.storyboard */; };
		FC7A1657288206D600982208 /* RegistarationTest.swift in Sources */ = {isa = PBXBuildFile; fileRef = FC7A1656288206D600982208 /* RegistarationTest.swift */; };
		FC7A165928820A4200982208 /* CoreDataTest.swift in Sources */ = {isa = PBXBuildFile; fileRef = FC7A165828820A4200982208 /* CoreDataTest.swift */; };
		FC87B0CC287FC6D000A9050F /* MyLastOreders.storyboard in Resources */ = {isa = PBXBuildFile; fileRef = FC87B0CB287FC6D000A9050F /* MyLastOreders.storyboard */; };
		FC87B0CE287FC71F00A9050F /* MyOrdersTV.swift in Sources */ = {isa = PBXBuildFile; fileRef = FC87B0CD287FC71F00A9050F /* MyOrdersTV.swift */; };
		FC87B0D0287FCBD300A9050F /* MyOrdersViewModle.swift in Sources */ = {isa = PBXBuildFile; fileRef = FC87B0CF287FCBD300A9050F /* MyOrdersViewModle.swift */; };
		FC87B0D2287FCEF000A9050F /* MyOrderCell.swift in Sources */ = {isa = PBXBuildFile; fileRef = FC87B0D1287FCEF000A9050F /* MyOrderCell.swift */; };
		FC87B0D6287FD61D00A9050F /* MyOrdersDetails.storyboard in Resources */ = {isa = PBXBuildFile; fileRef = FC87B0D5287FD61D00A9050F /* MyOrdersDetails.storyboard */; };
		FC87B0D8287FD66300A9050F /* MyOrdersDetailsCell.swift in Sources */ = {isa = PBXBuildFile; fileRef = FC87B0D7287FD66300A9050F /* MyOrdersDetailsCell.swift */; };
		FC87B0DA287FD68400A9050F /* MyOrdersDetailsTableViewController.swift in Sources */ = {isa = PBXBuildFile; fileRef = FC87B0D9287FD68400A9050F /* MyOrdersDetailsTableViewController.swift */; };
		FC94285C286DD76B0059E6D4 /* Brands.swift in Sources */ = {isa = PBXBuildFile; fileRef = FC94285B286DD76B0059E6D4 /* Brands.swift */; };
		FC94285F286E510A0059E6D4 /* Products.swift in Sources */ = {isa = PBXBuildFile; fileRef = FC94285E286E510A0059E6D4 /* Products.swift */; };
		FC942861286E56D00059E6D4 /* ProductsViewModel.swift in Sources */ = {isa = PBXBuildFile; fileRef = FC942860286E56D00059E6D4 /* ProductsViewModel.swift */; };
		FC942864286E572D0059E6D4 /* ProductsViewController.swift in Sources */ = {isa = PBXBuildFile; fileRef = FC942863286E572D0059E6D4 /* ProductsViewController.swift */; };
		FC942866286E57500059E6D4 /* ProductCell.swift in Sources */ = {isa = PBXBuildFile; fileRef = FC942865286E57500059E6D4 /* ProductCell.swift */; };
		FCAC1784287855BA00ECC217 /* Orders.swift in Sources */ = {isa = PBXBuildFile; fileRef = FCAC1783287855BA00ECC217 /* Orders.swift */; };
		FCF58291287CE79D0071EC1B /* NVActivityIndicatorView in Frameworks */ = {isa = PBXBuildFile; productRef = FCF58290287CE79D0071EC1B /* NVActivityIndicatorView */; };
		FCF58293287CE79D0071EC1B /* NVActivityIndicatorViewExtended in Frameworks */ = {isa = PBXBuildFile; productRef = FCF58292287CE79D0071EC1B /* NVActivityIndicatorViewExtended */; };
		FCF58295287CEA4A0071EC1B /* indecator.swift in Sources */ = {isa = PBXBuildFile; fileRef = FCF58294287CEA4A0071EC1B /* indecator.swift */; };
/* End PBXBuildFile section */

/* Begin PBXContainerItemProxy section */
		E8B21C2D286B8CC40000AABB /* PBXContainerItemProxy */ = {
			isa = PBXContainerItemProxy;
			containerPortal = E8B21C0B286B8CBF0000AABB /* Project object */;
			proxyType = 1;
			remoteGlobalIDString = E8B21C12286B8CBF0000AABB;
			remoteInfo = Shopify_app;
		};
		E8B21C37286B8CC40000AABB /* PBXContainerItemProxy */ = {
			isa = PBXContainerItemProxy;
			containerPortal = E8B21C0B286B8CBF0000AABB /* Project object */;
			proxyType = 1;
			remoteGlobalIDString = E8B21C12286B8CBF0000AABB;
			remoteInfo = Shopify_app;
		};
/* End PBXContainerItemProxy section */

/* Begin PBXFileReference section */
		2724715FC264885599F4A041 /* Pods-Shopify_appTests.debug.xcconfig */ = {isa = PBXFileReference; includeInIndex = 1; lastKnownFileType = text.xcconfig; name = "Pods-Shopify_appTests.debug.xcconfig"; path = "Target Support Files/Pods-Shopify_appTests/Pods-Shopify_appTests.debug.xcconfig"; sourceTree = "<group>"; };
		451E888C59063D9B7D236D22 /* Pods-Shopify_app.release.xcconfig */ = {isa = PBXFileReference; includeInIndex = 1; lastKnownFileType = text.xcconfig; name = "Pods-Shopify_app.release.xcconfig"; path = "Target Support Files/Pods-Shopify_app/Pods-Shopify_app.release.xcconfig"; sourceTree = "<group>"; };
		47A0DDA4F1D09B3BBE7BF937 /* Pods_Shopify_app.framework */ = {isa = PBXFileReference; explicitFileType = wrapper.framework; includeInIndex = 0; path = Pods_Shopify_app.framework; sourceTree = BUILT_PRODUCTS_DIR; };
		59DE8B9BEAD7DFD926931400 /* Pods-Shopify_app-Shopify_appUITests.release.xcconfig */ = {isa = PBXFileReference; includeInIndex = 1; lastKnownFileType = text.xcconfig; name = "Pods-Shopify_app-Shopify_appUITests.release.xcconfig"; path = "Target Support Files/Pods-Shopify_app-Shopify_appUITests/Pods-Shopify_app-Shopify_appUITests.release.xcconfig"; sourceTree = "<group>"; };
		7C37692EFC3D8FE6C880B3E0 /* Pods-Shopify_appTests.release.xcconfig */ = {isa = PBXFileReference; includeInIndex = 1; lastKnownFileType = text.xcconfig; name = "Pods-Shopify_appTests.release.xcconfig"; path = "Target Support Files/Pods-Shopify_appTests/Pods-Shopify_appTests.release.xcconfig"; sourceTree = "<group>"; };
		94841D27F9F027761C855DC1 /* Pods_Shopify_appTests.framework */ = {isa = PBXFileReference; explicitFileType = wrapper.framework; includeInIndex = 0; path = Pods_Shopify_appTests.framework; sourceTree = BUILT_PRODUCTS_DIR; };
		9B0EC06B2873A5EF0076A1EA /* loadingspinner.json */ = {isa = PBXFileReference; fileEncoding = 4; lastKnownFileType = text.json; name = loadingspinner.json; path = Shopify_app/View/loadingspinner.json; sourceTree = SOURCE_ROOT; };
		9B0EC06D2873A5F80076A1EA /* SplashViewController.swift */ = {isa = PBXFileReference; lastKnownFileType = sourcecode.swift; path = SplashViewController.swift; sourceTree = "<group>"; };
		9B0EC06F2873A76E0076A1EA /* TabBarViewController.swift */ = {isa = PBXFileReference; lastKnownFileType = sourcecode.swift; path = TabBarViewController.swift; sourceTree = "<group>"; };
		9B15476E287E377800C0E2B0 /* ProductDetailsCollectionViewImageCell.swift */ = {isa = PBXFileReference; lastKnownFileType = sourcecode.swift; path = ProductDetailsCollectionViewImageCell.swift; sourceTree = "<group>"; };
		9B15476F287E377800C0E2B0 /* ProductDetailsCollectionViewImageCell.xib */ = {isa = PBXFileReference; lastKnownFileType = file.xib; path = ProductDetailsCollectionViewImageCell.xib; sourceTree = "<group>"; };
		9B1FB35728746F4100D4A476 /* ApplicationUserManger.swift */ = {isa = PBXFileReference; lastKnownFileType = sourcecode.swift; path = ApplicationUserManger.swift; sourceTree = "<group>"; };
		9B1FB35928746F5F00D4A476 /* AuthenticationViewModel.swift */ = {isa = PBXFileReference; lastKnownFileType = sourcecode.swift; path = AuthenticationViewModel.swift; sourceTree = "<group>"; };
		9B1FB35B28746F7400D4A476 /* UIViewController+Ext.swift */ = {isa = PBXFileReference; lastKnownFileType = sourcecode.swift; path = "UIViewController+Ext.swift"; sourceTree = "<group>"; };
		9B94336F28739E0900779F66 /* Authentication.storyboard */ = {isa = PBXFileReference; lastKnownFileType = file.storyboard; path = Authentication.storyboard; sourceTree = "<group>"; };
		9B94337228739E3300779F66 /* RegisterationViewController.swift */ = {isa = PBXFileReference; lastKnownFileType = sourcecode.swift; path = RegisterationViewController.swift; sourceTree = "<group>"; };
		9B94337428739E5400779F66 /* LoginViewController.swift */ = {isa = PBXFileReference; lastKnownFileType = sourcecode.swift; path = LoginViewController.swift; sourceTree = "<group>"; };
		9BA632952875AF0600775E34 /* FavoritesViewController.swift */ = {isa = PBXFileReference; lastKnownFileType = sourcecode.swift; path = FavoritesViewController.swift; sourceTree = "<group>"; };
		9BA632972875AF1A00775E34 /* Favorites.storyboard */ = {isa = PBXFileReference; lastKnownFileType = file.storyboard; path = Favorites.storyboard; sourceTree = "<group>"; };
		9BA6329A2875BBD700775E34 /* FavoritesViewModel.swift */ = {isa = PBXFileReference; lastKnownFileType = sourcecode.swift; path = FavoritesViewModel.swift; sourceTree = "<group>"; };
		9BA6329D2875BCA400775E34 /* FavoritesCell.swift */ = {isa = PBXFileReference; lastKnownFileType = sourcecode.swift; path = FavoritesCell.swift; sourceTree = "<group>"; };
		9BA6329E2875BCA400775E34 /* FavoritesCell.xib */ = {isa = PBXFileReference; lastKnownFileType = file.xib; path = FavoritesCell.xib; sourceTree = "<group>"; };
		9BA632A22875BEBB00775E34 /* TableView+Extensions.swift */ = {isa = PBXFileReference; lastKnownFileType = sourcecode.swift; path = "TableView+Extensions.swift"; sourceTree = "<group>"; };
		9BA632A52875C11100775E34 /* ProductDetailsViewController.swift */ = {isa = PBXFileReference; lastKnownFileType = sourcecode.swift; path = ProductDetailsViewController.swift; sourceTree = "<group>"; };
		9BA632A72875C12900775E34 /* ProductDetails.storyboard */ = {isa = PBXFileReference; lastKnownFileType = file.storyboard; path = ProductDetails.storyboard; sourceTree = "<group>"; };
		9BB7BB142875CF56001A39B7 /* CoreDataManager.swift */ = {isa = PBXFileReference; lastKnownFileType = sourcecode.swift; path = CoreDataManager.swift; sourceTree = "<group>"; };
		9BB7BB172875F3F1001A39B7 /* ProductDetailsViewModel.swift */ = {isa = PBXFileReference; lastKnownFileType = sourcecode.swift; path = ProductDetailsViewModel.swift; sourceTree = "<group>"; };
		A4C549596F6AAE88DAE314B5 /* Pods-Shopify_app.debug.xcconfig */ = {isa = PBXFileReference; includeInIndex = 1; lastKnownFileType = text.xcconfig; name = "Pods-Shopify_app.debug.xcconfig"; path = "Target Support Files/Pods-Shopify_app/Pods-Shopify_app.debug.xcconfig"; sourceTree = "<group>"; };
		BAEB5CFE6D3D4B1F1CAF2F24 /* Pods_Shopify_app_Shopify_appUITests.framework */ = {isa = PBXFileReference; explicitFileType = wrapper.framework; includeInIndex = 0; path = Pods_Shopify_app_Shopify_appUITests.framework; sourceTree = BUILT_PRODUCTS_DIR; };
		E83C57892873130F0068CDAE /* Encodable+Extensions.swift */ = {isa = PBXFileReference; lastKnownFileType = sourcecode.swift; path = "Encodable+Extensions.swift"; sourceTree = "<group>"; };
		E86D31E0286F2568007302E1 /* CartsViewController.swift */ = {isa = PBXFileReference; lastKnownFileType = sourcecode.swift; path = CartsViewController.swift; sourceTree = "<group>"; };
		E86D31E2286F25FA007302E1 /* CartsCell.swift */ = {isa = PBXFileReference; lastKnownFileType = sourcecode.swift; path = CartsCell.swift; sourceTree = "<group>"; };
		E86D31E3286F25FA007302E1 /* CartsCell.xib */ = {isa = PBXFileReference; lastKnownFileType = file.xib; path = CartsCell.xib; sourceTree = "<group>"; };
		E86D31E6286F7993007302E1 /* adsCell.swift */ = {isa = PBXFileReference; lastKnownFileType = sourcecode.swift; path = adsCell.swift; sourceTree = "<group>"; };
		E86D31E7286F7993007302E1 /* adsCell.xib */ = {isa = PBXFileReference; lastKnownFileType = file.xib; path = adsCell.xib; sourceTree = "<group>"; };
		E88823E9287DB2DD00C78F4D /* Discount.swift */ = {isa = PBXFileReference; lastKnownFileType = sourcecode.swift; path = Discount.swift; sourceTree = "<group>"; };
		E88888D728787C10006178DD /* PaymentViewController.swift */ = {isa = PBXFileReference; lastKnownFileType = sourcecode.swift; path = PaymentViewController.swift; sourceTree = "<group>"; };
		E896D73C287268ED00E5A5AB /* Customer.swift */ = {isa = PBXFileReference; lastKnownFileType = sourcecode.swift; path = Customer.swift; sourceTree = "<group>"; };
		E898DC412871C9FF00FCEEF2 /* SettingViewController.swift */ = {isa = PBXFileReference; lastKnownFileType = sourcecode.swift; path = SettingViewController.swift; sourceTree = "<group>"; };
		E898DC432871D0F600FCEEF2 /* SettingCell.swift */ = {isa = PBXFileReference; lastKnownFileType = sourcecode.swift; path = SettingCell.swift; sourceTree = "<group>"; };
		E89982FA2873656900071339 /* AddressViewModel.swift */ = {isa = PBXFileReference; lastKnownFileType = sourcecode.swift; path = AddressViewModel.swift; sourceTree = "<group>"; };
		E89982FD2873B06200071339 /* Address.swift */ = {isa = PBXFileReference; lastKnownFileType = sourcecode.swift; path = Address.swift; sourceTree = "<group>"; };
		E89A3A2228720BB400D609B5 /* AboutViewController.swift */ = {isa = PBXFileReference; lastKnownFileType = sourcecode.swift; path = AboutViewController.swift; sourceTree = "<group>"; };
		E89A3A2428720D3400D609B5 /* Adress.storyboard */ = {isa = PBXFileReference; lastKnownFileType = file.storyboard; path = Adress.storyboard; sourceTree = "<group>"; };
		E89A3A27287212FC00D609B5 /* AddressViewController.swift */ = {isa = PBXFileReference; lastKnownFileType = sourcecode.swift; path = AddressViewController.swift; sourceTree = "<group>"; };
		E89A3A292872133F00D609B5 /* AddAddressViewController.swift */ = {isa = PBXFileReference; lastKnownFileType = sourcecode.swift; path = AddAddressViewController.swift; sourceTree = "<group>"; };
		E89A3A2B2872163500D609B5 /* addAddressCell.swift */ = {isa = PBXFileReference; lastKnownFileType = sourcecode.swift; path = addAddressCell.swift; sourceTree = "<group>"; };
		E89A3A2C2872163500D609B5 /* addAddressCell.xib */ = {isa = PBXFileReference; lastKnownFileType = file.xib; path = addAddressCell.xib; sourceTree = "<group>"; };
		E8A997EE2880595200344D18 /* Cuurency.swift */ = {isa = PBXFileReference; lastKnownFileType = sourcecode.swift; path = Cuurency.swift; sourceTree = "<group>"; };
		E8A997F02880667700344D18 /* ConvertPrice.swift */ = {isa = PBXFileReference; lastKnownFileType = sourcecode.swift; path = ConvertPrice.swift; sourceTree = "<group>"; };
		E8AA410B2880546600431574 /* Currency.swift */ = {isa = PBXFileReference; lastKnownFileType = sourcecode.swift; path = Currency.swift; sourceTree = "<group>"; };
		E8AF61812880F0A700BEDFB5 /* DoneViewController.swift */ = {isa = PBXFileReference; lastKnownFileType = sourcecode.swift; path = DoneViewController.swift; sourceTree = "<group>"; };
		E8B0E7FE288388B700C44FD7 /* shop gif.gif */ = {isa = PBXFileReference; lastKnownFileType = image.gif; path = "shop gif.gif"; sourceTree = "<group>"; };
		E8B0E800288388E600C44FD7 /* Gif.swift */ = {isa = PBXFileReference; lastKnownFileType = sourcecode.swift; path = Gif.swift; sourceTree = "<group>"; };
		E8B0E8022883892100C44FD7 /* GifViewController.swift */ = {isa = PBXFileReference; lastKnownFileType = sourcecode.swift; path = GifViewController.swift; sourceTree = "<group>"; };
		E8B21C13286B8CBF0000AABB /* Shopify_app.app */ = {isa = PBXFileReference; explicitFileType = wrapper.application; includeInIndex = 0; path = Shopify_app.app; sourceTree = BUILT_PRODUCTS_DIR; };
		E8B21C16286B8CC00000AABB /* AppDelegate.swift */ = {isa = PBXFileReference; lastKnownFileType = sourcecode.swift; path = AppDelegate.swift; sourceTree = "<group>"; };
		E8B21C18286B8CC00000AABB /* SceneDelegate.swift */ = {isa = PBXFileReference; lastKnownFileType = sourcecode.swift; path = SceneDelegate.swift; sourceTree = "<group>"; };
		E8B21C1A286B8CC00000AABB /* ViewController.swift */ = {isa = PBXFileReference; lastKnownFileType = sourcecode.swift; path = ViewController.swift; sourceTree = "<group>"; };
		E8B21C1D286B8CC00000AABB /* Base */ = {isa = PBXFileReference; lastKnownFileType = file.storyboard; name = Base; path = Base.lproj/Main.storyboard; sourceTree = "<group>"; };
		E8B21C20286B8CC00000AABB /* Shopify_app.xcdatamodel */ = {isa = PBXFileReference; lastKnownFileType = wrapper.xcdatamodel; path = Shopify_app.xcdatamodel; sourceTree = "<group>"; };
		E8B21C22286B8CC40000AABB /* Assets.xcassets */ = {isa = PBXFileReference; lastKnownFileType = folder.assetcatalog; name = Assets.xcassets; path = Helpers/Assets.xcassets; sourceTree = "<group>"; };
		E8B21C25286B8CC40000AABB /* Base */ = {isa = PBXFileReference; lastKnownFileType = file.storyboard; name = Base; path = Base.lproj/LaunchScreen.storyboard; sourceTree = "<group>"; };
		E8B21C27286B8CC40000AABB /* Info.plist */ = {isa = PBXFileReference; lastKnownFileType = text.plist.xml; path = Info.plist; sourceTree = "<group>"; };
		E8B21C2C286B8CC40000AABB /* Shopify_appTests.xctest */ = {isa = PBXFileReference; explicitFileType = wrapper.cfbundle; includeInIndex = 0; path = Shopify_appTests.xctest; sourceTree = BUILT_PRODUCTS_DIR; };
		E8B21C30286B8CC40000AABB /* Shopify_appTests.swift */ = {isa = PBXFileReference; lastKnownFileType = sourcecode.swift; path = Shopify_appTests.swift; sourceTree = "<group>"; };
		E8B21C36286B8CC40000AABB /* Shopify_appUITests.xctest */ = {isa = PBXFileReference; explicitFileType = wrapper.cfbundle; includeInIndex = 0; path = Shopify_appUITests.xctest; sourceTree = BUILT_PRODUCTS_DIR; };
		E8B21C3A286B8CC40000AABB /* Shopify_appUITests.swift */ = {isa = PBXFileReference; lastKnownFileType = sourcecode.swift; path = Shopify_appUITests.swift; sourceTree = "<group>"; };
		E8B21C3C286B8CC40000AABB /* Shopify_appUITestsLaunchTests.swift */ = {isa = PBXFileReference; lastKnownFileType = sourcecode.swift; path = Shopify_appUITestsLaunchTests.swift; sourceTree = "<group>"; };
		E8B21C4E286B8DD80000AABB /* Url.swift */ = {isa = PBXFileReference; lastKnownFileType = sourcecode.swift; path = Url.swift; sourceTree = "<group>"; };
		E8B21C50286B8DF70000AABB /* ApiService.swift */ = {isa = PBXFileReference; lastKnownFileType = sourcecode.swift; path = ApiService.swift; sourceTree = "<group>"; };
		E8B21C52286B8E240000AABB /* NetworkManager.swift */ = {isa = PBXFileReference; lastKnownFileType = sourcecode.swift; path = NetworkManager.swift; sourceTree = "<group>"; };
		E8B31CF0287DB64C00F920F4 /* DiscountViewModel.swift */ = {isa = PBXFileReference; lastKnownFileType = sourcecode.swift; path = DiscountViewModel.swift; sourceTree = "<group>"; };
		E8E7FD0A28766BB500B2B1DE /* CartModel.swift */ = {isa = PBXFileReference; lastKnownFileType = sourcecode.swift; path = CartModel.swift; sourceTree = "<group>"; };
		E8E7FD0D28766BFB00B2B1DE /* OrderViewModel.swift */ = {isa = PBXFileReference; lastKnownFileType = sourcecode.swift; path = OrderViewModel.swift; sourceTree = "<group>"; };
		F0F6B28AEBAEF318031ED2FF /* Pods-Shopify_app-Shopify_appUITests.debug.xcconfig */ = {isa = PBXFileReference; includeInIndex = 1; lastKnownFileType = text.xcconfig; name = "Pods-Shopify_app-Shopify_appUITests.debug.xcconfig"; path = "Target Support Files/Pods-Shopify_app-Shopify_appUITests/Pods-Shopify_app-Shopify_appUITests.debug.xcconfig"; sourceTree = "<group>"; };
		FC05F57E28746D1D0026CEE4 /* MyOrder.storyboard */ = {isa = PBXFileReference; lastKnownFileType = file.storyboard; path = MyOrder.storyboard; sourceTree = "<group>"; };
		FC05F58328746F0D0026CEE4 /* CheckOutViewController.swift */ = {isa = PBXFileReference; lastKnownFileType = sourcecode.swift; path = CheckOutViewController.swift; sourceTree = "<group>"; };
		FC05F58628746F820026CEE4 /* MyOrderItemCell.swift */ = {isa = PBXFileReference; lastKnownFileType = sourcecode.swift; path = MyOrderItemCell.swift; sourceTree = "<group>"; };
		FC09B0002881B9990053F0C5 /* NetworkTest.swift */ = {isa = PBXFileReference; lastKnownFileType = sourcecode.swift; path = NetworkTest.swift; sourceTree = "<group>"; };
		FC09B0022881B9E20053F0C5 /* NetworkMocks.swift */ = {isa = PBXFileReference; lastKnownFileType = sourcecode.swift; path = NetworkMocks.swift; sourceTree = "<group>"; };
		FC09B0042881C93F0053F0C5 /* jsonDecoder.swift */ = {isa = PBXFileReference; lastKnownFileType = sourcecode.swift; path = jsonDecoder.swift; sourceTree = "<group>"; };
		FC09B0062881F8670053F0C5 /* NetworkMangerTest.swift */ = {isa = PBXFileReference; lastKnownFileType = sourcecode.swift; path = NetworkMangerTest.swift; sourceTree = "<group>"; };
		FC3866D6286D1440000EDC64 /*  BrandsViewModel.swift */ = {isa = PBXFileReference; lastKnownFileType = sourcecode.swift; name = " BrandsViewModel.swift"; path = "Shopify_app/ViewModel/Brands/ BrandsViewModel.swift"; sourceTree = SOURCE_ROOT; };
		FC3866D8286D1AE5000EDC64 /* BrandCell.swift */ = {isa = PBXFileReference; lastKnownFileType = sourcecode.swift; path = BrandCell.swift; sourceTree = "<group>"; };
		FC4A66772871F598005D3BBB /* ProductsByCategoriesViewModel.swift */ = {isa = PBXFileReference; fileEncoding = 4; lastKnownFileType = sourcecode.swift; path = ProductsByCategoriesViewModel.swift; sourceTree = "<group>"; };
		FC4A667C2871F68D005D3BBB /* ProductsListViewController.swift */ = {isa = PBXFileReference; fileEncoding = 4; lastKnownFileType = sourcecode.swift; path = ProductsListViewController.swift; sourceTree = "<group>"; };
		FC4A667D2871F68E005D3BBB /* ProductListCell.swift */ = {isa = PBXFileReference; fileEncoding = 4; lastKnownFileType = sourcecode.swift; path = ProductListCell.swift; sourceTree = "<group>"; };
		FC4A668328724DAA005D3BBB /* ProductList.storyboard */ = {isa = PBXFileReference; lastKnownFileType = file.storyboard; path = ProductList.storyboard; sourceTree = "<group>"; };
		FC7A1656288206D600982208 /* RegistarationTest.swift */ = {isa = PBXFileReference; lastKnownFileType = sourcecode.swift; path = RegistarationTest.swift; sourceTree = "<group>"; };
		FC7A165828820A4200982208 /* CoreDataTest.swift */ = {isa = PBXFileReference; lastKnownFileType = sourcecode.swift; path = CoreDataTest.swift; sourceTree = "<group>"; };
		FC87B0CB287FC6D000A9050F /* MyLastOreders.storyboard */ = {isa = PBXFileReference; lastKnownFileType = file.storyboard; path = MyLastOreders.storyboard; sourceTree = "<group>"; };
		FC87B0CD287FC71F00A9050F /* MyOrdersTV.swift */ = {isa = PBXFileReference; lastKnownFileType = sourcecode.swift; path = MyOrdersTV.swift; sourceTree = "<group>"; };
		FC87B0CF287FCBD300A9050F /* MyOrdersViewModle.swift */ = {isa = PBXFileReference; lastKnownFileType = sourcecode.swift; path = MyOrdersViewModle.swift; sourceTree = "<group>"; };
		FC87B0D1287FCEF000A9050F /* MyOrderCell.swift */ = {isa = PBXFileReference; lastKnownFileType = sourcecode.swift; path = MyOrderCell.swift; sourceTree = "<group>"; };
		FC87B0D5287FD61D00A9050F /* MyOrdersDetails.storyboard */ = {isa = PBXFileReference; fileEncoding = 4; lastKnownFileType = file.storyboard; path = MyOrdersDetails.storyboard; sourceTree = "<group>"; };
		FC87B0D7287FD66300A9050F /* MyOrdersDetailsCell.swift */ = {isa = PBXFileReference; lastKnownFileType = sourcecode.swift; path = MyOrdersDetailsCell.swift; sourceTree = "<group>"; };
		FC87B0D9287FD68400A9050F /* MyOrdersDetailsTableViewController.swift */ = {isa = PBXFileReference; lastKnownFileType = sourcecode.swift; path = MyOrdersDetailsTableViewController.swift; sourceTree = "<group>"; };
		FC94285B286DD76B0059E6D4 /* Brands.swift */ = {isa = PBXFileReference; lastKnownFileType = sourcecode.swift; path = Brands.swift; sourceTree = "<group>"; };
		FC94285E286E510A0059E6D4 /* Products.swift */ = {isa = PBXFileReference; lastKnownFileType = sourcecode.swift; path = Products.swift; sourceTree = "<group>"; };
		FC942860286E56D00059E6D4 /* ProductsViewModel.swift */ = {isa = PBXFileReference; lastKnownFileType = sourcecode.swift; path = ProductsViewModel.swift; sourceTree = "<group>"; };
		FC942863286E572D0059E6D4 /* ProductsViewController.swift */ = {isa = PBXFileReference; lastKnownFileType = sourcecode.swift; path = ProductsViewController.swift; sourceTree = "<group>"; };
		FC942865286E57500059E6D4 /* ProductCell.swift */ = {isa = PBXFileReference; lastKnownFileType = sourcecode.swift; path = ProductCell.swift; sourceTree = "<group>"; };
		FCAC1783287855BA00ECC217 /* Orders.swift */ = {isa = PBXFileReference; lastKnownFileType = sourcecode.swift; path = Orders.swift; sourceTree = "<group>"; };
		FCF58294287CEA4A0071EC1B /* indecator.swift */ = {isa = PBXFileReference; lastKnownFileType = sourcecode.swift; path = indecator.swift; sourceTree = "<group>"; };
/* End PBXFileReference section */

/* Begin PBXFrameworksBuildPhase section */
		E8B21C10286B8CBF0000AABB /* Frameworks */ = {
			isa = PBXFrameworksBuildPhase;
			buildActionMask = 2147483647;
			files = (
				FCF58293287CE79D0071EC1B /* NVActivityIndicatorViewExtended in Frameworks */,
				FCF58291287CE79D0071EC1B /* NVActivityIndicatorView in Frameworks */,
				F909DF73B2562104EE70063F /* Pods_Shopify_app.framework in Frameworks */,
			);
			runOnlyForDeploymentPostprocessing = 0;
		};
		E8B21C29286B8CC40000AABB /* Frameworks */ = {
			isa = PBXFrameworksBuildPhase;
			buildActionMask = 2147483647;
			files = (
				BD1A610750BDD7AF14F42669 /* Pods_Shopify_appTests.framework in Frameworks */,
			);
			runOnlyForDeploymentPostprocessing = 0;
		};
		E8B21C33286B8CC40000AABB /* Frameworks */ = {
			isa = PBXFrameworksBuildPhase;
			buildActionMask = 2147483647;
			files = (
				25B1A3D186B20328D3C0D0A4 /* Pods_Shopify_app_Shopify_appUITests.framework in Frameworks */,
			);
			runOnlyForDeploymentPostprocessing = 0;
		};
/* End PBXFrameworksBuildPhase section */

/* Begin PBXGroup section */
		348F7AA56EF5C97C336A6A7F /* Pods */ = {
			isa = PBXGroup;
			children = (
				A4C549596F6AAE88DAE314B5 /* Pods-Shopify_app.debug.xcconfig */,
				451E888C59063D9B7D236D22 /* Pods-Shopify_app.release.xcconfig */,
				F0F6B28AEBAEF318031ED2FF /* Pods-Shopify_app-Shopify_appUITests.debug.xcconfig */,
				59DE8B9BEAD7DFD926931400 /* Pods-Shopify_app-Shopify_appUITests.release.xcconfig */,
				2724715FC264885599F4A041 /* Pods-Shopify_appTests.debug.xcconfig */,
				7C37692EFC3D8FE6C880B3E0 /* Pods-Shopify_appTests.release.xcconfig */,
			);
			path = Pods;
			sourceTree = "<group>";
		};
		9B15476D287E375E00C0E2B0 /* Cell */ = {
			isa = PBXGroup;
			children = (
				9B15476E287E377800C0E2B0 /* ProductDetailsCollectionViewImageCell.swift */,
				9B15476F287E377800C0E2B0 /* ProductDetailsCollectionViewImageCell.xib */,
			);
			path = Cell;
			sourceTree = "<group>";
		};
		9B94337128739E1F00779F66 /* AuthenticationView */ = {
			isa = PBXGroup;
			children = (
				9B94336F28739E0900779F66 /* Authentication.storyboard */,
				9B0EC06D2873A5F80076A1EA /* SplashViewController.swift */,
				9B0EC06F2873A76E0076A1EA /* TabBarViewController.swift */,
				9B0EC06B2873A5EF0076A1EA /* loadingspinner.json */,
				9B94337228739E3300779F66 /* RegisterationViewController.swift */,
				9B94337428739E5400779F66 /* LoginViewController.swift */,
			);
			name = AuthenticationView;
			sourceTree = "<group>";
		};
		9BA632922875AEB200775E34 /* Favorites */ = {
			isa = PBXGroup;
			children = (
				9BA632952875AF0600775E34 /* FavoritesViewController.swift */,
				9BA632972875AF1A00775E34 /* Favorites.storyboard */,
				9BA6329C2875BC8C00775E34 /* Cell */,
			);
			path = Favorites;
			sourceTree = "<group>";
		};
		9BA632992875BBC500775E34 /* Favorites */ = {
			isa = PBXGroup;
			children = (
				9BA6329A2875BBD700775E34 /* FavoritesViewModel.swift */,
			);
			path = Favorites;
			sourceTree = "<group>";
		};
		9BA6329C2875BC8C00775E34 /* Cell */ = {
			isa = PBXGroup;
			children = (
				9BA6329D2875BCA400775E34 /* FavoritesCell.swift */,
				9BA6329E2875BCA400775E34 /* FavoritesCell.xib */,
			);
			path = Cell;
			sourceTree = "<group>";
		};
		9BA632A12875BEA400775E34 /* Extensions */ = {
			isa = PBXGroup;
			children = (
				9BA632A22875BEBB00775E34 /* TableView+Extensions.swift */,
				E83C57892873130F0068CDAE /* Encodable+Extensions.swift */,
				9B1FB35B28746F7400D4A476 /* UIViewController+Ext.swift */,
			);
			path = Extensions;
			sourceTree = "<group>";
		};
		9BA632A42875C0F000775E34 /* ProductDetails */ = {
			isa = PBXGroup;
			children = (
				9B15476D287E375E00C0E2B0 /* Cell */,
				9BA632A52875C11100775E34 /* ProductDetailsViewController.swift */,
				9BA632A72875C12900775E34 /* ProductDetails.storyboard */,
			);
			path = ProductDetails;
			sourceTree = "<group>";
		};
		9BB7BB112875CF1D001A39B7 /* Helpers */ = {
			isa = PBXGroup;
			children = (
				9B1FB35728746F4100D4A476 /* ApplicationUserManger.swift */,
				FCF58294287CEA4A0071EC1B /* indecator.swift */,
				9BB7BB132875CF40001A39B7 /* CoreDataManager */,
				9BA632A12875BEA400775E34 /* Extensions */,
			);
			path = Helpers;
			sourceTree = "<group>";
		};
		9BB7BB132875CF40001A39B7 /* CoreDataManager */ = {
			isa = PBXGroup;
			children = (
				E8B21C1F286B8CC00000AABB /* Shopify_app.xcdatamodeld */,
				9BB7BB142875CF56001A39B7 /* CoreDataManager.swift */,
			);
			path = CoreDataManager;
			sourceTree = "<group>";
		};
		9BB7BB162875F3CC001A39B7 /* ProductDetails */ = {
			isa = PBXGroup;
			children = (
				9BB7BB172875F3F1001A39B7 /* ProductDetailsViewModel.swift */,
			);
			path = ProductDetails;
			sourceTree = "<group>";
		};
		9BB7BB192875FC31001A39B7 /* AuthenticationViewModel */ = {
			isa = PBXGroup;
			children = (
				9B1FB35928746F5F00D4A476 /* AuthenticationViewModel.swift */,
			);
			path = AuthenticationViewModel;
			sourceTree = "<group>";
		};
		E86D31D9286F24D5007302E1 /* Brands */ = {
			isa = PBXGroup;
			children = (
				FC3866D6286D1440000EDC64 /*  BrandsViewModel.swift */,
			);
			path = Brands;
			sourceTree = "<group>";
		};
		E86D31DA286F24EB007302E1 /* Products */ = {
			isa = PBXGroup;
			children = (
				FC942860286E56D00059E6D4 /* ProductsViewModel.swift */,
				FC4A66772871F598005D3BBB /* ProductsByCategoriesViewModel.swift */,
			);
			path = Products;
			sourceTree = "<group>";
		};
		E86D31DB286F24FE007302E1 /* CartsViewController */ = {
			isa = PBXGroup;
			children = (
				E86D31E0286F2568007302E1 /* CartsViewController.swift */,
				E86D31E2286F25FA007302E1 /* CartsCell.swift */,
				E86D31E3286F25FA007302E1 /* CartsCell.xib */,
			);
			path = CartsViewController;
			sourceTree = "<group>";
		};
		E88888D628787BF1006178DD /* PaymentViewController */ = {
			isa = PBXGroup;
			children = (
				E88888D728787C10006178DD /* PaymentViewController.swift */,
			);
			path = PaymentViewController;
			sourceTree = "<group>";
		};
		E898DC3F2871C9C900FCEEF2 /* SettindViewController */ = {
			isa = PBXGroup;
			children = (
				E898DC412871C9FF00FCEEF2 /* SettingViewController.swift */,
				E898DC432871D0F600FCEEF2 /* SettingCell.swift */,
				E89A3A2228720BB400D609B5 /* AboutViewController.swift */,
			);
			path = SettindViewController;
			sourceTree = "<group>";
		};
		E898DC402871C9DF00FCEEF2 /* Setting */ = {
			isa = PBXGroup;
			children = (
			);
			path = Setting;
			sourceTree = "<group>";
		};
		E89982FC2873657100071339 /* Address */ = {
			isa = PBXGroup;
			children = (
				E89982FA2873656900071339 /* AddressViewModel.swift */,
			);
			path = Address;
			sourceTree = "<group>";
		};
		E89A3A26287212D200D609B5 /* Address */ = {
			isa = PBXGroup;
			children = (
				E89A3A2428720D3400D609B5 /* Adress.storyboard */,
				E89A3A27287212FC00D609B5 /* AddressViewController.swift */,
				E89A3A292872133F00D609B5 /* AddAddressViewController.swift */,
				E89A3A2B2872163500D609B5 /* addAddressCell.swift */,
				E89A3A2C2872163500D609B5 /* addAddressCell.xib */,
			);
			path = Address;
			sourceTree = "<group>";
		};
		E8AA410A2880545400431574 /* Currency */ = {
			isa = PBXGroup;
			children = (
				E8AA410B2880546600431574 /* Currency.swift */,
				E8A997F02880667700344D18 /* ConvertPrice.swift */,
			);
			path = Currency;
			sourceTree = "<group>";
		};
		E8AF61802880F08900BEDFB5 /* Done */ = {
			isa = PBXGroup;
			children = (
				E8AF61812880F0A700BEDFB5 /* DoneViewController.swift */,
			);
			path = Done;
			sourceTree = "<group>";
		};
		E8B0E7FD288388A500C44FD7 /* gif */ = {
			isa = PBXGroup;
			children = (
				E8B0E7FE288388B700C44FD7 /* shop gif.gif */,
				E8B0E800288388E600C44FD7 /* Gif.swift */,
				E8B0E8022883892100C44FD7 /* GifViewController.swift */,
			);
			path = gif;
			sourceTree = "<group>";
		};
		E8B21C0A286B8CBF0000AABB = {
			isa = PBXGroup;
			children = (
				E8B21C15286B8CBF0000AABB /* Shopify_app */,
				E8B21C2F286B8CC40000AABB /* Shopify_appTests */,
				E8B21C39286B8CC40000AABB /* Shopify_appUITests */,
				E8B21C14286B8CBF0000AABB /* Products */,
				348F7AA56EF5C97C336A6A7F /* Pods */,
				EE783203A142B3F57C2066FE /* Frameworks */,
			);
			sourceTree = "<group>";
		};
		E8B21C14286B8CBF0000AABB /* Products */ = {
			isa = PBXGroup;
			children = (
				E8B21C13286B8CBF0000AABB /* Shopify_app.app */,
				E8B21C2C286B8CC40000AABB /* Shopify_appTests.xctest */,
				E8B21C36286B8CC40000AABB /* Shopify_appUITests.xctest */,
			);
			name = Products;
			sourceTree = "<group>";
		};
		E8B21C15286B8CBF0000AABB /* Shopify_app */ = {
			isa = PBXGroup;
			children = (
				E8B0E7FD288388A500C44FD7 /* gif */,
				FC94285A286DD6DE0059E6D4 /* Models */,
				E8B21C4C286B8D830000AABB /* ApiServices */,
				E8B21C4D286B8DB60000AABB /* Networking */,
				E8B21C4B286B8D5D0000AABB /* ViewModel */,
				E8B21C4A286B8D570000AABB /* View */,
				9BB7BB112875CF1D001A39B7 /* Helpers */,
				FC3866D1286D06E5000EDC64 /* Delegates */,
				E8B21C22286B8CC40000AABB /* Assets.xcassets */,
				E8B21C27286B8CC40000AABB /* Info.plist */,
			);
			path = Shopify_app;
			sourceTree = "<group>";
		};
		E8B21C2F286B8CC40000AABB /* Shopify_appTests */ = {
			isa = PBXGroup;
			children = (
				FC09AFFF2881B9670053F0C5 /* Mocks */,
				E8B21C30286B8CC40000AABB /* Shopify_appTests.swift */,
				FC09B0062881F8670053F0C5 /* NetworkMangerTest.swift */,
				FC7A1656288206D600982208 /* RegistarationTest.swift */,
				FC7A165828820A4200982208 /* CoreDataTest.swift */,
			);
			path = Shopify_appTests;
			sourceTree = "<group>";
		};
		E8B21C39286B8CC40000AABB /* Shopify_appUITests */ = {
			isa = PBXGroup;
			children = (
				E8B21C3A286B8CC40000AABB /* Shopify_appUITests.swift */,
				E8B21C3C286B8CC40000AABB /* Shopify_appUITestsLaunchTests.swift */,
			);
			path = Shopify_appUITests;
			sourceTree = "<group>";
		};
		E8B21C4A286B8D570000AABB /* View */ = {
			isa = PBXGroup;
			children = (
				FC94285D286DDA320059E6D4 /* BrandsViewController */,
				FC942862286E56EE0059E6D4 /* ProductsViewController */,
				FC4A667B2871F667005D3BBB /* ProductListViewControler */,
				9BA632A42875C0F000775E34 /* ProductDetails */,
				E898DC3F2871C9C900FCEEF2 /* SettindViewController */,
				FC87B0CA287FC1F000A9050F /* MyOrders */,
				E8AA410A2880545400431574 /* Currency */,
				E88888D628787BF1006178DD /* PaymentViewController */,
				9BA632922875AEB200775E34 /* Favorites */,
				9B94337128739E1F00779F66 /* AuthenticationView */,
				FC05F58028746E510026CEE4 /* CheckOutViewControler */,
				E89A3A26287212D200D609B5 /* Address */,
				E86D31DB286F24FE007302E1 /* CartsViewController */,
				E8AF61802880F08900BEDFB5 /* Done */,
				E8B21C1C286B8CC00000AABB /* Main.storyboard */,
				E8B21C24286B8CC40000AABB /* LaunchScreen.storyboard */,
			);
			path = View;
			sourceTree = "<group>";
		};
		E8B21C4B286B8D5D0000AABB /* ViewModel */ = {
			isa = PBXGroup;
			children = (
				E8B31CEF287DB63600F920F4 /* Discount */,
				E8E7FD0C28766BE700B2B1DE /* Order */,
				9BB7BB192875FC31001A39B7 /* AuthenticationViewModel */,
				9BB7BB162875F3CC001A39B7 /* ProductDetails */,
				9BA632992875BBC500775E34 /* Favorites */,
				E89982FC2873657100071339 /* Address */,
				E898DC402871C9DF00FCEEF2 /* Setting */,
				E86D31DA286F24EB007302E1 /* Products */,
				E86D31D9286F24D5007302E1 /* Brands */,
			);
			path = ViewModel;
			sourceTree = "<group>";
		};
		E8B21C4C286B8D830000AABB /* ApiServices */ = {
			isa = PBXGroup;
			children = (
				E8B21C4E286B8DD80000AABB /* Url.swift */,
				E8B21C50286B8DF70000AABB /* ApiService.swift */,
			);
			path = ApiServices;
			sourceTree = "<group>";
		};
		E8B21C4D286B8DB60000AABB /* Networking */ = {
			isa = PBXGroup;
			children = (
				E8B21C52286B8E240000AABB /* NetworkManager.swift */,
				FC09B0042881C93F0053F0C5 /* jsonDecoder.swift */,
			);
			path = Networking;
			sourceTree = "<group>";
		};
		E8B31CEF287DB63600F920F4 /* Discount */ = {
			isa = PBXGroup;
			children = (
				E8B31CF0287DB64C00F920F4 /* DiscountViewModel.swift */,
			);
			path = Discount;
			sourceTree = "<group>";
		};
		E8E7FD0C28766BE700B2B1DE /* Order */ = {
			isa = PBXGroup;
			children = (
				E8E7FD0D28766BFB00B2B1DE /* OrderViewModel.swift */,
				FC87B0CF287FCBD300A9050F /* MyOrdersViewModle.swift */,
			);
			path = Order;
			sourceTree = "<group>";
		};
		EE783203A142B3F57C2066FE /* Frameworks */ = {
			isa = PBXGroup;
			children = (
				47A0DDA4F1D09B3BBE7BF937 /* Pods_Shopify_app.framework */,
				BAEB5CFE6D3D4B1F1CAF2F24 /* Pods_Shopify_app_Shopify_appUITests.framework */,
				94841D27F9F027761C855DC1 /* Pods_Shopify_appTests.framework */,
			);
			name = Frameworks;
			sourceTree = "<group>";
		};
		FC05F58028746E510026CEE4 /* CheckOutViewControler */ = {
			isa = PBXGroup;
			children = (
				FC05F58328746F0D0026CEE4 /* CheckOutViewController.swift */,
				FC05F58628746F820026CEE4 /* MyOrderItemCell.swift */,
				FC05F57E28746D1D0026CEE4 /* MyOrder.storyboard */,
			);
			path = CheckOutViewControler;
			sourceTree = "<group>";
		};
		FC09AFFF2881B9670053F0C5 /* Mocks */ = {
			isa = PBXGroup;
			children = (
				FC09B0002881B9990053F0C5 /* NetworkTest.swift */,
				FC09B0022881B9E20053F0C5 /* NetworkMocks.swift */,
			);
			path = Mocks;
			sourceTree = "<group>";
		};
		FC3866D1286D06E5000EDC64 /* Delegates */ = {
			isa = PBXGroup;
			children = (
				E8B21C18286B8CC00000AABB /* SceneDelegate.swift */,
				E8B21C16286B8CC00000AABB /* AppDelegate.swift */,
			);
			path = Delegates;
			sourceTree = "<group>";
		};
		FC4A667B2871F667005D3BBB /* ProductListViewControler */ = {
			isa = PBXGroup;
			children = (
				FC4A667C2871F68D005D3BBB /* ProductsListViewController.swift */,
				FC4A667D2871F68E005D3BBB /* ProductListCell.swift */,
				FC4A668328724DAA005D3BBB /* ProductList.storyboard */,
			);
			path = ProductListViewControler;
			sourceTree = "<group>";
		};
		FC87B0CA287FC1F000A9050F /* MyOrders */ = {
			isa = PBXGroup;
			children = (
				FC87B0CB287FC6D000A9050F /* MyLastOreders.storyboard */,
				FC87B0CD287FC71F00A9050F /* MyOrdersTV.swift */,
				FC87B0D1287FCEF000A9050F /* MyOrderCell.swift */,
				FC87B0D5287FD61D00A9050F /* MyOrdersDetails.storyboard */,
				FC87B0D7287FD66300A9050F /* MyOrdersDetailsCell.swift */,
				FC87B0D9287FD68400A9050F /* MyOrdersDetailsTableViewController.swift */,
			);
			path = MyOrders;
			sourceTree = "<group>";
		};
		FC94285A286DD6DE0059E6D4 /* Models */ = {
			isa = PBXGroup;
			children = (
				FC94285B286DD76B0059E6D4 /* Brands.swift */,
				FC94285E286E510A0059E6D4 /* Products.swift */,
				E896D73C287268ED00E5A5AB /* Customer.swift */,
				E89982FD2873B06200071339 /* Address.swift */,
				E8E7FD0A28766BB500B2B1DE /* CartModel.swift */,
				FCAC1783287855BA00ECC217 /* Orders.swift */,
				E88823E9287DB2DD00C78F4D /* Discount.swift */,
				E8A997EE2880595200344D18 /* Cuurency.swift */,
			);
			name = Models;
			path = Delegates/Models;
			sourceTree = "<group>";
		};
		FC94285D286DDA320059E6D4 /* BrandsViewController */ = {
			isa = PBXGroup;
			children = (
				E8B21C1A286B8CC00000AABB /* ViewController.swift */,
				FC3866D8286D1AE5000EDC64 /* BrandCell.swift */,
				E86D31E6286F7993007302E1 /* adsCell.swift */,
				E86D31E7286F7993007302E1 /* adsCell.xib */,
			);
			path = BrandsViewController;
			sourceTree = "<group>";
		};
		FC942862286E56EE0059E6D4 /* ProductsViewController */ = {
			isa = PBXGroup;
			children = (
				FC942863286E572D0059E6D4 /* ProductsViewController.swift */,
				FC942865286E57500059E6D4 /* ProductCell.swift */,
			);
			path = ProductsViewController;
			sourceTree = "<group>";
		};
/* End PBXGroup section */

/* Begin PBXNativeTarget section */
		E8B21C12286B8CBF0000AABB /* Shopify_app */ = {
			isa = PBXNativeTarget;
			buildConfigurationList = E8B21C40286B8CC40000AABB /* Build configuration list for PBXNativeTarget "Shopify_app" */;
			buildPhases = (
				535238E02E05846D1F12FFF0 /* [CP] Check Pods Manifest.lock */,
				E8B21C0F286B8CBF0000AABB /* Sources */,
				E8B21C10286B8CBF0000AABB /* Frameworks */,
				E8B21C11286B8CBF0000AABB /* Resources */,
				6264013DA55F4C552FA01583 /* [CP] Embed Pods Frameworks */,
			);
			buildRules = (
			);
			dependencies = (
			);
			name = Shopify_app;
			packageProductDependencies = (
				FCF58290287CE79D0071EC1B /* NVActivityIndicatorView */,
				FCF58292287CE79D0071EC1B /* NVActivityIndicatorViewExtended */,
			);
			productName = Shopify_app;
			productReference = E8B21C13286B8CBF0000AABB /* Shopify_app.app */;
			productType = "com.apple.product-type.application";
		};
		E8B21C2B286B8CC40000AABB /* Shopify_appTests */ = {
			isa = PBXNativeTarget;
			buildConfigurationList = E8B21C43286B8CC40000AABB /* Build configuration list for PBXNativeTarget "Shopify_appTests" */;
			buildPhases = (
				291FECE1751FA8A5CE816E1B /* [CP] Check Pods Manifest.lock */,
				E8B21C28286B8CC40000AABB /* Sources */,
				E8B21C29286B8CC40000AABB /* Frameworks */,
				E8B21C2A286B8CC40000AABB /* Resources */,
			);
			buildRules = (
			);
			dependencies = (
				E8B21C2E286B8CC40000AABB /* PBXTargetDependency */,
			);
			name = Shopify_appTests;
			productName = Shopify_appTests;
			productReference = E8B21C2C286B8CC40000AABB /* Shopify_appTests.xctest */;
			productType = "com.apple.product-type.bundle.unit-test";
		};
		E8B21C35286B8CC40000AABB /* Shopify_appUITests */ = {
			isa = PBXNativeTarget;
			buildConfigurationList = E8B21C46286B8CC40000AABB /* Build configuration list for PBXNativeTarget "Shopify_appUITests" */;
			buildPhases = (
				A994FF58ACAA2F3414B5C977 /* [CP] Check Pods Manifest.lock */,
				E8B21C32286B8CC40000AABB /* Sources */,
				E8B21C33286B8CC40000AABB /* Frameworks */,
				E8B21C34286B8CC40000AABB /* Resources */,
				DFDF776DB627552573D5BDA4 /* [CP] Embed Pods Frameworks */,
			);
			buildRules = (
			);
			dependencies = (
				E8B21C38286B8CC40000AABB /* PBXTargetDependency */,
			);
			name = Shopify_appUITests;
			productName = Shopify_appUITests;
			productReference = E8B21C36286B8CC40000AABB /* Shopify_appUITests.xctest */;
			productType = "com.apple.product-type.bundle.ui-testing";
		};
/* End PBXNativeTarget section */

/* Begin PBXProject section */
		E8B21C0B286B8CBF0000AABB /* Project object */ = {
			isa = PBXProject;
			attributes = {
				BuildIndependentTargetsInParallel = 1;
				LastSwiftUpdateCheck = 1340;
				LastUpgradeCheck = 1340;
				TargetAttributes = {
					E8B21C12286B8CBF0000AABB = {
						CreatedOnToolsVersion = 13.4.1;
					};
					E8B21C2B286B8CC40000AABB = {
						CreatedOnToolsVersion = 13.4.1;
						TestTargetID = E8B21C12286B8CBF0000AABB;
					};
					E8B21C35286B8CC40000AABB = {
						CreatedOnToolsVersion = 13.4.1;
						TestTargetID = E8B21C12286B8CBF0000AABB;
					};
				};
			};
			buildConfigurationList = E8B21C0E286B8CBF0000AABB /* Build configuration list for PBXProject "Shopify_app" */;
			compatibilityVersion = "Xcode 13.0";
			developmentRegion = en;
			hasScannedForEncodings = 0;
			knownRegions = (
				en,
				Base,
			);
			mainGroup = E8B21C0A286B8CBF0000AABB;
			packageReferences = (
				FCF5828F287CE79D0071EC1B /* XCRemoteSwiftPackageReference "NVActivityIndicatorView" */,
			);
			productRefGroup = E8B21C14286B8CBF0000AABB /* Products */;
			projectDirPath = "";
			projectRoot = "";
			targets = (
				E8B21C12286B8CBF0000AABB /* Shopify_app */,
				E8B21C2B286B8CC40000AABB /* Shopify_appTests */,
				E8B21C35286B8CC40000AABB /* Shopify_appUITests */,
			);
		};
/* End PBXProject section */

/* Begin PBXResourcesBuildPhase section */
		E8B21C11286B8CBF0000AABB /* Resources */ = {
			isa = PBXResourcesBuildPhase;
			buildActionMask = 2147483647;
			files = (
				FC05F57F28746D1D0026CEE4 /* MyOrder.storyboard in Resources */,
				E8B21C26286B8CC40000AABB /* LaunchScreen.storyboard in Resources */,
				E8B21C23286B8CC40000AABB /* Assets.xcassets in Resources */,
				E86D31E9286F7993007302E1 /* adsCell.xib in Resources */,
				E8B21C1E286B8CC00000AABB /* Main.storyboard in Resources */,
				FC87B0CC287FC6D000A9050F /* MyLastOreders.storyboard in Resources */,
				9BA632A82875C12900775E34 /* ProductDetails.storyboard in Resources */,
				E86D31E5286F25FA007302E1 /* CartsCell.xib in Resources */,
				FC4A668428724DAA005D3BBB /* ProductList.storyboard in Resources */,
				9B0EC06C2873A5EF0076A1EA /* loadingspinner.json in Resources */,
				E8B0E7FF288388B700C44FD7 /* shop gif.gif in Resources */,
				E89A3A2E2872163500D609B5 /* addAddressCell.xib in Resources */,
				E8B21C23286B8CC40000AABB /* Assets.xcassets in Resources */,
				9B154771287E377800C0E2B0 /* ProductDetailsCollectionViewImageCell.xib in Resources */,
				E86D31E9286F7993007302E1 /* adsCell.xib in Resources */,
				FC87B0D6287FD61D00A9050F /* MyOrdersDetails.storyboard in Resources */,
				9B94337028739E0900779F66 /* Authentication.storyboard in Resources */,
				E8B21C1E286B8CC00000AABB /* Main.storyboard in Resources */,
				E89A3A2528720D3400D609B5 /* Adress.storyboard in Resources */,
				9BA632982875AF1A00775E34 /* Favorites.storyboard in Resources */,
				9BA632A02875BCA400775E34 /* FavoritesCell.xib in Resources */,
				E86D31E5286F25FA007302E1 /* CartsCell.xib in Resources */,
			);
			runOnlyForDeploymentPostprocessing = 0;
		};
		E8B21C2A286B8CC40000AABB /* Resources */ = {
			isa = PBXResourcesBuildPhase;
			buildActionMask = 2147483647;
			files = (
			);
			runOnlyForDeploymentPostprocessing = 0;
		};
		E8B21C34286B8CC40000AABB /* Resources */ = {
			isa = PBXResourcesBuildPhase;
			buildActionMask = 2147483647;
			files = (
			);
			runOnlyForDeploymentPostprocessing = 0;
		};
/* End PBXResourcesBuildPhase section */

/* Begin PBXShellScriptBuildPhase section */
		291FECE1751FA8A5CE816E1B /* [CP] Check Pods Manifest.lock */ = {
			isa = PBXShellScriptBuildPhase;
			buildActionMask = 2147483647;
			files = (
			);
			inputFileListPaths = (
			);
			inputPaths = (
				"${PODS_PODFILE_DIR_PATH}/Podfile.lock",
				"${PODS_ROOT}/Manifest.lock",
			);
			name = "[CP] Check Pods Manifest.lock";
			outputFileListPaths = (
			);
			outputPaths = (
				"$(DERIVED_FILE_DIR)/Pods-Shopify_appTests-checkManifestLockResult.txt",
			);
			runOnlyForDeploymentPostprocessing = 0;
			shellPath = /bin/sh;
			shellScript = "diff \"${PODS_PODFILE_DIR_PATH}/Podfile.lock\" \"${PODS_ROOT}/Manifest.lock\" > /dev/null\nif [ $? != 0 ] ; then\n    # print error to STDERR\n    echo \"error: The sandbox is not in sync with the Podfile.lock. Run 'pod install' or update your CocoaPods installation.\" >&2\n    exit 1\nfi\n# This output is used by Xcode 'outputs' to avoid re-running this script phase.\necho \"SUCCESS\" > \"${SCRIPT_OUTPUT_FILE_0}\"\n";
			showEnvVarsInLog = 0;
		};
		535238E02E05846D1F12FFF0 /* [CP] Check Pods Manifest.lock */ = {
			isa = PBXShellScriptBuildPhase;
			buildActionMask = 2147483647;
			files = (
			);
			inputFileListPaths = (
			);
			inputPaths = (
				"${PODS_PODFILE_DIR_PATH}/Podfile.lock",
				"${PODS_ROOT}/Manifest.lock",
			);
			name = "[CP] Check Pods Manifest.lock";
			outputFileListPaths = (
			);
			outputPaths = (
				"$(DERIVED_FILE_DIR)/Pods-Shopify_app-checkManifestLockResult.txt",
			);
			runOnlyForDeploymentPostprocessing = 0;
			shellPath = /bin/sh;
			shellScript = "diff \"${PODS_PODFILE_DIR_PATH}/Podfile.lock\" \"${PODS_ROOT}/Manifest.lock\" > /dev/null\nif [ $? != 0 ] ; then\n    # print error to STDERR\n    echo \"error: The sandbox is not in sync with the Podfile.lock. Run 'pod install' or update your CocoaPods installation.\" >&2\n    exit 1\nfi\n# This output is used by Xcode 'outputs' to avoid re-running this script phase.\necho \"SUCCESS\" > \"${SCRIPT_OUTPUT_FILE_0}\"\n";
			showEnvVarsInLog = 0;
		};
		6264013DA55F4C552FA01583 /* [CP] Embed Pods Frameworks */ = {
			isa = PBXShellScriptBuildPhase;
			buildActionMask = 2147483647;
			files = (
			);
			inputFileListPaths = (
				"${PODS_ROOT}/Target Support Files/Pods-Shopify_app/Pods-Shopify_app-frameworks-${CONFIGURATION}-input-files.xcfilelist",
			);
			name = "[CP] Embed Pods Frameworks";
			outputFileListPaths = (
				"${PODS_ROOT}/Target Support Files/Pods-Shopify_app/Pods-Shopify_app-frameworks-${CONFIGURATION}-output-files.xcfilelist",
			);
			runOnlyForDeploymentPostprocessing = 0;
			shellPath = /bin/sh;
			shellScript = "\"${PODS_ROOT}/Target Support Files/Pods-Shopify_app/Pods-Shopify_app-frameworks.sh\"\n";
			showEnvVarsInLog = 0;
		};
		A994FF58ACAA2F3414B5C977 /* [CP] Check Pods Manifest.lock */ = {
			isa = PBXShellScriptBuildPhase;
			buildActionMask = 2147483647;
			files = (
			);
			inputFileListPaths = (
			);
			inputPaths = (
				"${PODS_PODFILE_DIR_PATH}/Podfile.lock",
				"${PODS_ROOT}/Manifest.lock",
			);
			name = "[CP] Check Pods Manifest.lock";
			outputFileListPaths = (
			);
			outputPaths = (
				"$(DERIVED_FILE_DIR)/Pods-Shopify_app-Shopify_appUITests-checkManifestLockResult.txt",
			);
			runOnlyForDeploymentPostprocessing = 0;
			shellPath = /bin/sh;
			shellScript = "diff \"${PODS_PODFILE_DIR_PATH}/Podfile.lock\" \"${PODS_ROOT}/Manifest.lock\" > /dev/null\nif [ $? != 0 ] ; then\n    # print error to STDERR\n    echo \"error: The sandbox is not in sync with the Podfile.lock. Run 'pod install' or update your CocoaPods installation.\" >&2\n    exit 1\nfi\n# This output is used by Xcode 'outputs' to avoid re-running this script phase.\necho \"SUCCESS\" > \"${SCRIPT_OUTPUT_FILE_0}\"\n";
			showEnvVarsInLog = 0;
		};
		DFDF776DB627552573D5BDA4 /* [CP] Embed Pods Frameworks */ = {
			isa = PBXShellScriptBuildPhase;
			buildActionMask = 2147483647;
			files = (
			);
			inputFileListPaths = (
				"${PODS_ROOT}/Target Support Files/Pods-Shopify_app-Shopify_appUITests/Pods-Shopify_app-Shopify_appUITests-frameworks-${CONFIGURATION}-input-files.xcfilelist",
			);
			name = "[CP] Embed Pods Frameworks";
			outputFileListPaths = (
				"${PODS_ROOT}/Target Support Files/Pods-Shopify_app-Shopify_appUITests/Pods-Shopify_app-Shopify_appUITests-frameworks-${CONFIGURATION}-output-files.xcfilelist",
			);
			runOnlyForDeploymentPostprocessing = 0;
			shellPath = /bin/sh;
			shellScript = "\"${PODS_ROOT}/Target Support Files/Pods-Shopify_app-Shopify_appUITests/Pods-Shopify_app-Shopify_appUITests-frameworks.sh\"\n";
			showEnvVarsInLog = 0;
		};
/* End PBXShellScriptBuildPhase section */

/* Begin PBXSourcesBuildPhase section */
		E8B21C0F286B8CBF0000AABB /* Sources */ = {
			isa = PBXSourcesBuildPhase;
			buildActionMask = 2147483647;
			files = (
				9B94337528739E5400779F66 /* LoginViewController.swift in Sources */,
				FC05F58428746F0D0026CEE4 /* CheckOutViewController.swift in Sources */,
				E86D31E1286F2568007302E1 /* CartsViewController.swift in Sources */,
				FC4A667F2871F68E005D3BBB /* ProductListCell.swift in Sources */,
				FC3866D9286D1AE5000EDC64 /* BrandCell.swift in Sources */,
				9B0EC06E2873A5F80076A1EA /* SplashViewController.swift in Sources */,
				FC87B0D2287FCEF000A9050F /* MyOrderCell.swift in Sources */,
				FCAC1784287855BA00ECC217 /* Orders.swift in Sources */,
				FC94285F286E510A0059E6D4 /* Products.swift in Sources */,
				FC87B0D0287FCBD300A9050F /* MyOrdersViewModle.swift in Sources */,
				E8B31CF1287DB64C00F920F4 /* DiscountViewModel.swift in Sources */,
				FC87B0D8287FD66300A9050F /* MyOrdersDetailsCell.swift in Sources */,
				E8B21C1B286B8CC00000AABB /* ViewController.swift in Sources */,
				FC942864286E572D0059E6D4 /* ProductsViewController.swift in Sources */,
				E8E7FD0B28766BB500B2B1DE /* CartModel.swift in Sources */,
				FCF58295287CEA4A0071EC1B /* indecator.swift in Sources */,
				E8AF61822880F0A700BEDFB5 /* DoneViewController.swift in Sources */,
				E898DC422871C9FF00FCEEF2 /* SettingViewController.swift in Sources */,
				E8B21C17286B8CC00000AABB /* AppDelegate.swift in Sources */,
				FC4A66782871F599005D3BBB /* ProductsByCategoriesViewModel.swift in Sources */,
				FC942866286E57500059E6D4 /* ProductCell.swift in Sources */,
				9B1FB35828746F4100D4A476 /* ApplicationUserManger.swift in Sources */,
				E8B0E8032883892100C44FD7 /* GifViewController.swift in Sources */,
				9BA632A62875C11100775E34 /* ProductDetailsViewController.swift in Sources */,
				E83C578A2873130F0068CDAE /* Encodable+Extensions.swift in Sources */,
				9B1FB35C28746F7400D4A476 /* UIViewController+Ext.swift in Sources */,
				FC4A667E2871F68E005D3BBB /* ProductsListViewController.swift in Sources */,
				9BB7BB152875CF56001A39B7 /* CoreDataManager.swift in Sources */,
				9BA6329F2875BCA400775E34 /* FavoritesCell.swift in Sources */,
				E8A997EF2880595200344D18 /* Cuurency.swift in Sources */,
				E86D31E4286F25FA007302E1 /* CartsCell.swift in Sources */,
				9BA632A32875BEBB00775E34 /* TableView+Extensions.swift in Sources */,
				E88823EA287DB2DD00C78F4D /* Discount.swift in Sources */,
				E898DC442871D0F600FCEEF2 /* SettingCell.swift in Sources */,
				9BB7BB182875F3F1001A39B7 /* ProductDetailsViewModel.swift in Sources */,
				E8B21C51286B8DF70000AABB /* ApiService.swift in Sources */,
				9BA6329B2875BBD700775E34 /* FavoritesViewModel.swift in Sources */,
				FC09B0052881C93F0053F0C5 /* jsonDecoder.swift in Sources */,
				E8B21C53286B8E240000AABB /* NetworkManager.swift in Sources */,
				9B1FB35A28746F5F00D4A476 /* AuthenticationViewModel.swift in Sources */,
				FC942866286E57500059E6D4 /* ProductCell.swift in Sources */,
				FC87B0DA287FD68400A9050F /* MyOrdersDetailsTableViewController.swift in Sources */,
				E86D31E4286F25FA007302E1 /* CartsCell.swift in Sources */,
				E898DC442871D0F600FCEEF2 /* SettingCell.swift in Sources */,
				E8AA410C2880546600431574 /* Currency.swift in Sources */,
				FC05F58728746F820026CEE4 /* MyOrderItemCell.swift in Sources */,
				E8A997F12880667700344D18 /* ConvertPrice.swift in Sources */,
				E89A3A2D2872163500D609B5 /* addAddressCell.swift in Sources */,
				E8B21C51286B8DF70000AABB /* ApiService.swift in Sources */,
				9BA632962875AF0600775E34 /* FavoritesViewController.swift in Sources */,
				E89A3A2A2872133F00D609B5 /* AddAddressViewController.swift in Sources */,
				E8E7FD0E28766BFB00B2B1DE /* OrderViewModel.swift in Sources */,
				E8B21C53286B8E240000AABB /* NetworkManager.swift in Sources */,
				E89A3A28287212FC00D609B5 /* AddressViewController.swift in Sources */,
				FC942861286E56D00059E6D4 /* ProductsViewModel.swift in Sources */,
				E8B0E801288388E600C44FD7 /* Gif.swift in Sources */,
				E8B21C21286B8CC00000AABB /* Shopify_app.xcdatamodeld in Sources */,
				9B94337328739E3300779F66 /* RegisterationViewController.swift in Sources */,
				E88888D828787C10006178DD /* PaymentViewController.swift in Sources */,
				E89982FB2873656900071339 /* AddressViewModel.swift in Sources */,
				E86D31E8286F7993007302E1 /* adsCell.swift in Sources */,
				FC87B0CE287FC71F00A9050F /* MyOrdersTV.swift in Sources */,
				9B154770287E377800C0E2B0 /* ProductDetailsCollectionViewImageCell.swift in Sources */,
				E8B21C19286B8CC00000AABB /* SceneDelegate.swift in Sources */,
				9B0EC0702873A76E0076A1EA /* TabBarViewController.swift in Sources */,
				E896D73D287268ED00E5A5AB /* Customer.swift in Sources */,
				FC94285C286DD76B0059E6D4 /* Brands.swift in Sources */,
				E8B21C4F286B8DD90000AABB /* Url.swift in Sources */,
				E89A3A2328720BB400D609B5 /* AboutViewController.swift in Sources */,
				FC3866D7286D1440000EDC64 /*  BrandsViewModel.swift in Sources */,
				E89982FE2873B06300071339 /* Address.swift in Sources */,
			);
			runOnlyForDeploymentPostprocessing = 0;
		};
		E8B21C28286B8CC40000AABB /* Sources */ = {
			isa = PBXSourcesBuildPhase;
			buildActionMask = 2147483647;
			files = (
				FC7A165928820A4200982208 /* CoreDataTest.swift in Sources */,
				FC09B0012881B9990053F0C5 /* NetworkTest.swift in Sources */,
				FC7A1657288206D600982208 /* RegistarationTest.swift in Sources */,
				FC09B0032881B9E20053F0C5 /* NetworkMocks.swift in Sources */,
				FC09B0072881F8670053F0C5 /* NetworkMangerTest.swift in Sources */,
				E8B21C31286B8CC40000AABB /* Shopify_appTests.swift in Sources */,
			);
			runOnlyForDeploymentPostprocessing = 0;
		};
		E8B21C32286B8CC40000AABB /* Sources */ = {
			isa = PBXSourcesBuildPhase;
			buildActionMask = 2147483647;
			files = (
				E8B21C3B286B8CC40000AABB /* Shopify_appUITests.swift in Sources */,
				E8B21C3D286B8CC40000AABB /* Shopify_appUITestsLaunchTests.swift in Sources */,
			);
			runOnlyForDeploymentPostprocessing = 0;
		};
/* End PBXSourcesBuildPhase section */

/* Begin PBXTargetDependency section */
		E8B21C2E286B8CC40000AABB /* PBXTargetDependency */ = {
			isa = PBXTargetDependency;
			target = E8B21C12286B8CBF0000AABB /* Shopify_app */;
			targetProxy = E8B21C2D286B8CC40000AABB /* PBXContainerItemProxy */;
		};
		E8B21C38286B8CC40000AABB /* PBXTargetDependency */ = {
			isa = PBXTargetDependency;
			target = E8B21C12286B8CBF0000AABB /* Shopify_app */;
			targetProxy = E8B21C37286B8CC40000AABB /* PBXContainerItemProxy */;
		};
/* End PBXTargetDependency section */

/* Begin PBXVariantGroup section */
		E8B21C1C286B8CC00000AABB /* Main.storyboard */ = {
			isa = PBXVariantGroup;
			children = (
				E8B21C1D286B8CC00000AABB /* Base */,
			);
			name = Main.storyboard;
			sourceTree = "<group>";
		};
		E8B21C24286B8CC40000AABB /* LaunchScreen.storyboard */ = {
			isa = PBXVariantGroup;
			children = (
				E8B21C25286B8CC40000AABB /* Base */,
			);
			name = LaunchScreen.storyboard;
			sourceTree = "<group>";
		};
/* End PBXVariantGroup section */

/* Begin XCBuildConfiguration section */
		E8B21C3E286B8CC40000AABB /* Debug */ = {
			isa = XCBuildConfiguration;
			buildSettings = {
				ALWAYS_SEARCH_USER_PATHS = NO;
				CLANG_ANALYZER_NONNULL = YES;
				CLANG_ANALYZER_NUMBER_OBJECT_CONVERSION = YES_AGGRESSIVE;
				CLANG_CXX_LANGUAGE_STANDARD = "gnu++17";
				CLANG_ENABLE_MODULES = YES;
				CLANG_ENABLE_OBJC_ARC = YES;
				CLANG_ENABLE_OBJC_WEAK = YES;
				CLANG_WARN_BLOCK_CAPTURE_AUTORELEASING = YES;
				CLANG_WARN_BOOL_CONVERSION = YES;
				CLANG_WARN_COMMA = YES;
				CLANG_WARN_CONSTANT_CONVERSION = YES;
				CLANG_WARN_DEPRECATED_OBJC_IMPLEMENTATIONS = YES;
				CLANG_WARN_DIRECT_OBJC_ISA_USAGE = YES_ERROR;
				CLANG_WARN_DOCUMENTATION_COMMENTS = YES;
				CLANG_WARN_EMPTY_BODY = YES;
				CLANG_WARN_ENUM_CONVERSION = YES;
				CLANG_WARN_INFINITE_RECURSION = YES;
				CLANG_WARN_INT_CONVERSION = YES;
				CLANG_WARN_NON_LITERAL_NULL_CONVERSION = YES;
				CLANG_WARN_OBJC_IMPLICIT_RETAIN_SELF = YES;
				CLANG_WARN_OBJC_LITERAL_CONVERSION = YES;
				CLANG_WARN_OBJC_ROOT_CLASS = YES_ERROR;
				CLANG_WARN_QUOTED_INCLUDE_IN_FRAMEWORK_HEADER = YES;
				CLANG_WARN_RANGE_LOOP_ANALYSIS = YES;
				CLANG_WARN_STRICT_PROTOTYPES = YES;
				CLANG_WARN_SUSPICIOUS_MOVE = YES;
				CLANG_WARN_UNGUARDED_AVAILABILITY = YES_AGGRESSIVE;
				CLANG_WARN_UNREACHABLE_CODE = YES;
				CLANG_WARN__DUPLICATE_METHOD_MATCH = YES;
				COPY_PHASE_STRIP = NO;
				DEBUG_INFORMATION_FORMAT = dwarf;
				ENABLE_STRICT_OBJC_MSGSEND = YES;
				ENABLE_TESTABILITY = YES;
				GCC_C_LANGUAGE_STANDARD = gnu11;
				GCC_DYNAMIC_NO_PIC = NO;
				GCC_NO_COMMON_BLOCKS = YES;
				GCC_OPTIMIZATION_LEVEL = 0;
				GCC_PREPROCESSOR_DEFINITIONS = (
					"DEBUG=1",
					"$(inherited)",
				);
				GCC_WARN_64_TO_32_BIT_CONVERSION = YES;
				GCC_WARN_ABOUT_RETURN_TYPE = YES_ERROR;
				GCC_WARN_UNDECLARED_SELECTOR = YES;
				GCC_WARN_UNINITIALIZED_AUTOS = YES_AGGRESSIVE;
				GCC_WARN_UNUSED_FUNCTION = YES;
				GCC_WARN_UNUSED_VARIABLE = YES;
				IPHONEOS_DEPLOYMENT_TARGET = 15.5;
				MTL_ENABLE_DEBUG_INFO = INCLUDE_SOURCE;
				MTL_FAST_MATH = YES;
				ONLY_ACTIVE_ARCH = YES;
				SDKROOT = iphoneos;
				SWIFT_ACTIVE_COMPILATION_CONDITIONS = DEBUG;
				SWIFT_OPTIMIZATION_LEVEL = "-Onone";
			};
			name = Debug;
		};
		E8B21C3F286B8CC40000AABB /* Release */ = {
			isa = XCBuildConfiguration;
			buildSettings = {
				ALWAYS_SEARCH_USER_PATHS = NO;
				CLANG_ANALYZER_NONNULL = YES;
				CLANG_ANALYZER_NUMBER_OBJECT_CONVERSION = YES_AGGRESSIVE;
				CLANG_CXX_LANGUAGE_STANDARD = "gnu++17";
				CLANG_ENABLE_MODULES = YES;
				CLANG_ENABLE_OBJC_ARC = YES;
				CLANG_ENABLE_OBJC_WEAK = YES;
				CLANG_WARN_BLOCK_CAPTURE_AUTORELEASING = YES;
				CLANG_WARN_BOOL_CONVERSION = YES;
				CLANG_WARN_COMMA = YES;
				CLANG_WARN_CONSTANT_CONVERSION = YES;
				CLANG_WARN_DEPRECATED_OBJC_IMPLEMENTATIONS = YES;
				CLANG_WARN_DIRECT_OBJC_ISA_USAGE = YES_ERROR;
				CLANG_WARN_DOCUMENTATION_COMMENTS = YES;
				CLANG_WARN_EMPTY_BODY = YES;
				CLANG_WARN_ENUM_CONVERSION = YES;
				CLANG_WARN_INFINITE_RECURSION = YES;
				CLANG_WARN_INT_CONVERSION = YES;
				CLANG_WARN_NON_LITERAL_NULL_CONVERSION = YES;
				CLANG_WARN_OBJC_IMPLICIT_RETAIN_SELF = YES;
				CLANG_WARN_OBJC_LITERAL_CONVERSION = YES;
				CLANG_WARN_OBJC_ROOT_CLASS = YES_ERROR;
				CLANG_WARN_QUOTED_INCLUDE_IN_FRAMEWORK_HEADER = YES;
				CLANG_WARN_RANGE_LOOP_ANALYSIS = YES;
				CLANG_WARN_STRICT_PROTOTYPES = YES;
				CLANG_WARN_SUSPICIOUS_MOVE = YES;
				CLANG_WARN_UNGUARDED_AVAILABILITY = YES_AGGRESSIVE;
				CLANG_WARN_UNREACHABLE_CODE = YES;
				CLANG_WARN__DUPLICATE_METHOD_MATCH = YES;
				COPY_PHASE_STRIP = NO;
				DEBUG_INFORMATION_FORMAT = "dwarf-with-dsym";
				ENABLE_NS_ASSERTIONS = NO;
				ENABLE_STRICT_OBJC_MSGSEND = YES;
				GCC_C_LANGUAGE_STANDARD = gnu11;
				GCC_NO_COMMON_BLOCKS = YES;
				GCC_WARN_64_TO_32_BIT_CONVERSION = YES;
				GCC_WARN_ABOUT_RETURN_TYPE = YES_ERROR;
				GCC_WARN_UNDECLARED_SELECTOR = YES;
				GCC_WARN_UNINITIALIZED_AUTOS = YES_AGGRESSIVE;
				GCC_WARN_UNUSED_FUNCTION = YES;
				GCC_WARN_UNUSED_VARIABLE = YES;
				IPHONEOS_DEPLOYMENT_TARGET = 15.5;
				MTL_ENABLE_DEBUG_INFO = NO;
				MTL_FAST_MATH = YES;
				SDKROOT = iphoneos;
				SWIFT_COMPILATION_MODE = wholemodule;
				SWIFT_OPTIMIZATION_LEVEL = "-O";
				VALIDATE_PRODUCT = YES;
			};
			name = Release;
		};
		E8B21C41286B8CC40000AABB /* Debug */ = {
			isa = XCBuildConfiguration;
			baseConfigurationReference = A4C549596F6AAE88DAE314B5 /* Pods-Shopify_app.debug.xcconfig */;
			buildSettings = {
				ASSETCATALOG_COMPILER_APPICON_NAME = AppIcon;
				ASSETCATALOG_COMPILER_GLOBAL_ACCENT_COLOR_NAME = AccentColor;
				CODE_SIGN_STYLE = Automatic;
				CURRENT_PROJECT_VERSION = 1;
				DEVELOPMENT_TEAM = A2TVT95V32;
				GENERATE_INFOPLIST_FILE = YES;
				INFOPLIST_FILE = Shopify_app/Info.plist;
				INFOPLIST_KEY_UIApplicationSupportsIndirectInputEvents = YES;
				INFOPLIST_KEY_UILaunchStoryboardName = LaunchScreen;
				INFOPLIST_KEY_UIMainStoryboardFile = Main;
				INFOPLIST_KEY_UISupportedInterfaceOrientations_iPad = "UIInterfaceOrientationPortrait UIInterfaceOrientationPortraitUpsideDown UIInterfaceOrientationLandscapeLeft UIInterfaceOrientationLandscapeRight";
				INFOPLIST_KEY_UISupportedInterfaceOrientations_iPhone = "UIInterfaceOrientationPortrait UIInterfaceOrientationLandscapeLeft UIInterfaceOrientationLandscapeRight";
				LD_RUNPATH_SEARCH_PATHS = (
					"$(inherited)",
					"@executable_path/Frameworks",
				);
				MARKETING_VERSION = 1.0;
				PRODUCT_BUNDLE_IDENTIFIER = "co.kazzaz.Shopify-app";
				PRODUCT_NAME = "$(TARGET_NAME)";
				SWIFT_EMIT_LOC_STRINGS = YES;
				SWIFT_VERSION = 5.0;
				TARGETED_DEVICE_FAMILY = "1,2";
			};
			name = Debug;
		};
		E8B21C42286B8CC40000AABB /* Release */ = {
			isa = XCBuildConfiguration;
			baseConfigurationReference = 451E888C59063D9B7D236D22 /* Pods-Shopify_app.release.xcconfig */;
			buildSettings = {
				ASSETCATALOG_COMPILER_APPICON_NAME = AppIcon;
				ASSETCATALOG_COMPILER_GLOBAL_ACCENT_COLOR_NAME = AccentColor;
				CODE_SIGN_STYLE = Automatic;
				CURRENT_PROJECT_VERSION = 1;
				DEVELOPMENT_TEAM = A2TVT95V32;
				GENERATE_INFOPLIST_FILE = YES;
				INFOPLIST_FILE = Shopify_app/Info.plist;
				INFOPLIST_KEY_UIApplicationSupportsIndirectInputEvents = YES;
				INFOPLIST_KEY_UILaunchStoryboardName = LaunchScreen;
				INFOPLIST_KEY_UIMainStoryboardFile = Main;
				INFOPLIST_KEY_UISupportedInterfaceOrientations_iPad = "UIInterfaceOrientationPortrait UIInterfaceOrientationPortraitUpsideDown UIInterfaceOrientationLandscapeLeft UIInterfaceOrientationLandscapeRight";
				INFOPLIST_KEY_UISupportedInterfaceOrientations_iPhone = "UIInterfaceOrientationPortrait UIInterfaceOrientationLandscapeLeft UIInterfaceOrientationLandscapeRight";
				LD_RUNPATH_SEARCH_PATHS = (
					"$(inherited)",
					"@executable_path/Frameworks",
				);
				MARKETING_VERSION = 1.0;
				PRODUCT_BUNDLE_IDENTIFIER = "co.kazzaz.Shopify-app";
				PRODUCT_NAME = "$(TARGET_NAME)";
				SWIFT_EMIT_LOC_STRINGS = YES;
				SWIFT_VERSION = 5.0;
				TARGETED_DEVICE_FAMILY = "1,2";
			};
			name = Release;
		};
		E8B21C44286B8CC40000AABB /* Debug */ = {
			isa = XCBuildConfiguration;
			baseConfigurationReference = 2724715FC264885599F4A041 /* Pods-Shopify_appTests.debug.xcconfig */;
			buildSettings = {
				ALWAYS_EMBED_SWIFT_STANDARD_LIBRARIES = YES;
				BUNDLE_LOADER = "$(TEST_HOST)";
				CODE_SIGN_STYLE = Automatic;
				CURRENT_PROJECT_VERSION = 1;
				GENERATE_INFOPLIST_FILE = YES;
				IPHONEOS_DEPLOYMENT_TARGET = 15.5;
				MARKETING_VERSION = 1.0;
				PRODUCT_BUNDLE_IDENTIFIER = "co.kazzaz.Shopify-appTests";
				PRODUCT_NAME = "$(TARGET_NAME)";
				SWIFT_EMIT_LOC_STRINGS = NO;
				SWIFT_VERSION = 5.0;
				TARGETED_DEVICE_FAMILY = "1,2";
				TEST_HOST = "$(BUILT_PRODUCTS_DIR)/Shopify_app.app/Shopify_app";
			};
			name = Debug;
		};
		E8B21C45286B8CC40000AABB /* Release */ = {
			isa = XCBuildConfiguration;
			baseConfigurationReference = 7C37692EFC3D8FE6C880B3E0 /* Pods-Shopify_appTests.release.xcconfig */;
			buildSettings = {
				ALWAYS_EMBED_SWIFT_STANDARD_LIBRARIES = YES;
				BUNDLE_LOADER = "$(TEST_HOST)";
				CODE_SIGN_STYLE = Automatic;
				CURRENT_PROJECT_VERSION = 1;
				GENERATE_INFOPLIST_FILE = YES;
				IPHONEOS_DEPLOYMENT_TARGET = 15.5;
				MARKETING_VERSION = 1.0;
				PRODUCT_BUNDLE_IDENTIFIER = "co.kazzaz.Shopify-appTests";
				PRODUCT_NAME = "$(TARGET_NAME)";
				SWIFT_EMIT_LOC_STRINGS = NO;
				SWIFT_VERSION = 5.0;
				TARGETED_DEVICE_FAMILY = "1,2";
				TEST_HOST = "$(BUILT_PRODUCTS_DIR)/Shopify_app.app/Shopify_app";
			};
			name = Release;
		};
		E8B21C47286B8CC40000AABB /* Debug */ = {
			isa = XCBuildConfiguration;
			baseConfigurationReference = F0F6B28AEBAEF318031ED2FF /* Pods-Shopify_app-Shopify_appUITests.debug.xcconfig */;
			buildSettings = {
				ALWAYS_EMBED_SWIFT_STANDARD_LIBRARIES = YES;
				CODE_SIGN_STYLE = Automatic;
				CURRENT_PROJECT_VERSION = 1;
				GENERATE_INFOPLIST_FILE = YES;
				MARKETING_VERSION = 1.0;
				PRODUCT_BUNDLE_IDENTIFIER = "co.kazzaz.Shopify-appUITests";
				PRODUCT_NAME = "$(TARGET_NAME)";
				SWIFT_EMIT_LOC_STRINGS = NO;
				SWIFT_VERSION = 5.0;
				TARGETED_DEVICE_FAMILY = "1,2";
				TEST_TARGET_NAME = Shopify_app;
			};
			name = Debug;
		};
		E8B21C48286B8CC40000AABB /* Release */ = {
			isa = XCBuildConfiguration;
			baseConfigurationReference = 59DE8B9BEAD7DFD926931400 /* Pods-Shopify_app-Shopify_appUITests.release.xcconfig */;
			buildSettings = {
				ALWAYS_EMBED_SWIFT_STANDARD_LIBRARIES = YES;
				CODE_SIGN_STYLE = Automatic;
				CURRENT_PROJECT_VERSION = 1;
				GENERATE_INFOPLIST_FILE = YES;
				MARKETING_VERSION = 1.0;
				PRODUCT_BUNDLE_IDENTIFIER = "co.kazzaz.Shopify-appUITests";
				PRODUCT_NAME = "$(TARGET_NAME)";
				SWIFT_EMIT_LOC_STRINGS = NO;
				SWIFT_VERSION = 5.0;
				TARGETED_DEVICE_FAMILY = "1,2";
				TEST_TARGET_NAME = Shopify_app;
			};
			name = Release;
		};
/* End XCBuildConfiguration section */

/* Begin XCConfigurationList section */
		E8B21C0E286B8CBF0000AABB /* Build configuration list for PBXProject "Shopify_app" */ = {
			isa = XCConfigurationList;
			buildConfigurations = (
				E8B21C3E286B8CC40000AABB /* Debug */,
				E8B21C3F286B8CC40000AABB /* Release */,
			);
			defaultConfigurationIsVisible = 0;
			defaultConfigurationName = Release;
		};
		E8B21C40286B8CC40000AABB /* Build configuration list for PBXNativeTarget "Shopify_app" */ = {
			isa = XCConfigurationList;
			buildConfigurations = (
				E8B21C41286B8CC40000AABB /* Debug */,
				E8B21C42286B8CC40000AABB /* Release */,
			);
			defaultConfigurationIsVisible = 0;
			defaultConfigurationName = Release;
		};
		E8B21C43286B8CC40000AABB /* Build configuration list for PBXNativeTarget "Shopify_appTests" */ = {
			isa = XCConfigurationList;
			buildConfigurations = (
				E8B21C44286B8CC40000AABB /* Debug */,
				E8B21C45286B8CC40000AABB /* Release */,
			);
			defaultConfigurationIsVisible = 0;
			defaultConfigurationName = Release;
		};
		E8B21C46286B8CC40000AABB /* Build configuration list for PBXNativeTarget "Shopify_appUITests" */ = {
			isa = XCConfigurationList;
			buildConfigurations = (
				E8B21C47286B8CC40000AABB /* Debug */,
				E8B21C48286B8CC40000AABB /* Release */,
			);
			defaultConfigurationIsVisible = 0;
			defaultConfigurationName = Release;
		};
/* End XCConfigurationList section */

/* Begin XCRemoteSwiftPackageReference section */
		FCF5828F287CE79D0071EC1B /* XCRemoteSwiftPackageReference "NVActivityIndicatorView" */ = {
			isa = XCRemoteSwiftPackageReference;
			repositoryURL = "https://github.com/ninjaprox/NVActivityIndicatorView";
			requirement = {
				kind = exactVersion;
				version = 5.1.1;
			};
		};
/* End XCRemoteSwiftPackageReference section */

/* Begin XCSwiftPackageProductDependency section */
		FCF58290287CE79D0071EC1B /* NVActivityIndicatorView */ = {
			isa = XCSwiftPackageProductDependency;
			package = FCF5828F287CE79D0071EC1B /* XCRemoteSwiftPackageReference "NVActivityIndicatorView" */;
			productName = NVActivityIndicatorView;
		};
		FCF58292287CE79D0071EC1B /* NVActivityIndicatorViewExtended */ = {
			isa = XCSwiftPackageProductDependency;
			package = FCF5828F287CE79D0071EC1B /* XCRemoteSwiftPackageReference "NVActivityIndicatorView" */;
			productName = NVActivityIndicatorViewExtended;
		};
/* End XCSwiftPackageProductDependency section */

/* Begin XCVersionGroup section */
		E8B21C1F286B8CC00000AABB /* Shopify_app.xcdatamodeld */ = {
			isa = XCVersionGroup;
			children = (
				E8B21C20286B8CC00000AABB /* Shopify_app.xcdatamodel */,
			);
			currentVersion = E8B21C20286B8CC00000AABB /* Shopify_app.xcdatamodel */;
			path = Shopify_app.xcdatamodeld;
			sourceTree = "<group>";
			versionGroupType = wrapper.xcdatamodel;
		};
/* End XCVersionGroup section */
	};
	rootObject = E8B21C0B286B8CBF0000AABB /* Project object */;
}
